// !$*UTF8*$!
{
	archiveVersion = 1;
	classes = {
	};
	objectVersion = 46;
	objects = {

/* Begin PBXBuildFile section */
		960962BE13E215C700CF8546 /* QuartzCore.framework in Frameworks */ = {isa = PBXBuildFile; fileRef = 960962BD13E215C700CF8546 /* QuartzCore.framework */; };
		960962C013E215C700CF8546 /* OpenGLES.framework in Frameworks */ = {isa = PBXBuildFile; fileRef = 960962BF13E215C700CF8546 /* OpenGLES.framework */; };
		960962C213E215C700CF8546 /* OpenAL.framework in Frameworks */ = {isa = PBXBuildFile; fileRef = 960962C113E215C700CF8546 /* OpenAL.framework */; };
		960962C413E215C700CF8546 /* AudioToolbox.framework in Frameworks */ = {isa = PBXBuildFile; fileRef = 960962C313E215C700CF8546 /* AudioToolbox.framework */; };
		960962C613E215C700CF8546 /* AVFoundation.framework in Frameworks */ = {isa = PBXBuildFile; fileRef = 960962C513E215C700CF8546 /* AVFoundation.framework */; };
		960962C813E215C700CF8546 /* UIKit.framework in Frameworks */ = {isa = PBXBuildFile; fileRef = 960962C713E215C700CF8546 /* UIKit.framework */; };
		960962CA13E215C700CF8546 /* Foundation.framework in Frameworks */ = {isa = PBXBuildFile; fileRef = 960962C913E215C700CF8546 /* Foundation.framework */; };
		960962CC13E215C700CF8546 /* CoreGraphics.framework in Frameworks */ = {isa = PBXBuildFile; fileRef = 960962CB13E215C700CF8546 /* CoreGraphics.framework */; };
		960962E113E215C800CF8546 /* iTunesArtwork in Resources */ = {isa = PBXBuildFile; fileRef = 960962E013E215C800CF8546 /* iTunesArtwork */; };
		960962E613E215C800CF8546 /* CCAction.m in Sources */ = {isa = PBXBuildFile; fileRef = 960962E513E215C800CF8546 /* CCAction.m */; };
		960962E913E215C800CF8546 /* CCActionCamera.m in Sources */ = {isa = PBXBuildFile; fileRef = 960962E813E215C800CF8546 /* CCActionCamera.m */; };
		960962EC13E215C800CF8546 /* CCActionEase.m in Sources */ = {isa = PBXBuildFile; fileRef = 960962EB13E215C800CF8546 /* CCActionEase.m */; };
		960962EF13E215C800CF8546 /* CCActionGrid.m in Sources */ = {isa = PBXBuildFile; fileRef = 960962EE13E215C800CF8546 /* CCActionGrid.m */; };
		960962F213E215C800CF8546 /* CCActionGrid3D.m in Sources */ = {isa = PBXBuildFile; fileRef = 960962F113E215C800CF8546 /* CCActionGrid3D.m */; };
		960962F513E215C800CF8546 /* CCActionInstant.m in Sources */ = {isa = PBXBuildFile; fileRef = 960962F413E215C800CF8546 /* CCActionInstant.m */; };
		960962F813E215C800CF8546 /* CCActionInterval.m in Sources */ = {isa = PBXBuildFile; fileRef = 960962F713E215C800CF8546 /* CCActionInterval.m */; };
		960962FB13E215C800CF8546 /* CCActionManager.m in Sources */ = {isa = PBXBuildFile; fileRef = 960962FA13E215C800CF8546 /* CCActionManager.m */; };
		960962FE13E215C800CF8546 /* CCActionPageTurn3D.m in Sources */ = {isa = PBXBuildFile; fileRef = 960962FD13E215C800CF8546 /* CCActionPageTurn3D.m */; };
		9609630113E215C800CF8546 /* CCActionProgressTimer.m in Sources */ = {isa = PBXBuildFile; fileRef = 9609630013E215C800CF8546 /* CCActionProgressTimer.m */; };
		9609630413E215C800CF8546 /* CCActionTiledGrid.m in Sources */ = {isa = PBXBuildFile; fileRef = 9609630313E215C800CF8546 /* CCActionTiledGrid.m */; };
		9609630713E215C800CF8546 /* CCActionTween.m in Sources */ = {isa = PBXBuildFile; fileRef = 9609630613E215C800CF8546 /* CCActionTween.m */; };
		9609630A13E215C800CF8546 /* CCAnimation.m in Sources */ = {isa = PBXBuildFile; fileRef = 9609630913E215C800CF8546 /* CCAnimation.m */; };
		9609630D13E215C800CF8546 /* CCAnimationCache.m in Sources */ = {isa = PBXBuildFile; fileRef = 9609630C13E215C800CF8546 /* CCAnimationCache.m */; };
		9609631013E215C800CF8546 /* CCAtlasNode.m in Sources */ = {isa = PBXBuildFile; fileRef = 9609630F13E215C800CF8546 /* CCAtlasNode.m */; };
		9609631313E215C900CF8546 /* CCBlockSupport.m in Sources */ = {isa = PBXBuildFile; fileRef = 9609631213E215C900CF8546 /* CCBlockSupport.m */; };
		9609631613E215C900CF8546 /* CCCamera.m in Sources */ = {isa = PBXBuildFile; fileRef = 9609631513E215C900CF8546 /* CCCamera.m */; };
		9609631A13E215C900CF8546 /* CCConfiguration.m in Sources */ = {isa = PBXBuildFile; fileRef = 9609631913E215C900CF8546 /* CCConfiguration.m */; };
		9609631D13E215C900CF8546 /* CCDirector.m in Sources */ = {isa = PBXBuildFile; fileRef = 9609631C13E215C900CF8546 /* CCDirector.m */; };
		9609632013E215C900CF8546 /* CCDrawingPrimitives.m in Sources */ = {isa = PBXBuildFile; fileRef = 9609631F13E215C900CF8546 /* CCDrawingPrimitives.m */; };
		9609632313E215C900CF8546 /* CCGrabber.m in Sources */ = {isa = PBXBuildFile; fileRef = 9609632213E215C900CF8546 /* CCGrabber.m */; };
		9609632613E215C900CF8546 /* CCGrid.m in Sources */ = {isa = PBXBuildFile; fileRef = 9609632513E215C900CF8546 /* CCGrid.m */; };
		9609632913E215C900CF8546 /* CCLabelAtlas.m in Sources */ = {isa = PBXBuildFile; fileRef = 9609632813E215C900CF8546 /* CCLabelAtlas.m */; };
		9609632C13E215C900CF8546 /* CCLabelBMFont.m in Sources */ = {isa = PBXBuildFile; fileRef = 9609632B13E215C900CF8546 /* CCLabelBMFont.m */; };
		9609632F13E215C900CF8546 /* CCLabelTTF.m in Sources */ = {isa = PBXBuildFile; fileRef = 9609632E13E215C900CF8546 /* CCLabelTTF.m */; };
		9609633213E215C900CF8546 /* CCLayer.m in Sources */ = {isa = PBXBuildFile; fileRef = 9609633113E215C900CF8546 /* CCLayer.m */; };
		9609633613E215C900CF8546 /* CCMenu.m in Sources */ = {isa = PBXBuildFile; fileRef = 9609633513E215C900CF8546 /* CCMenu.m */; };
		9609633913E215C900CF8546 /* CCMenuItem.m in Sources */ = {isa = PBXBuildFile; fileRef = 9609633813E215C900CF8546 /* CCMenuItem.m */; };
		9609633C13E215CA00CF8546 /* CCMotionStreak.m in Sources */ = {isa = PBXBuildFile; fileRef = 9609633B13E215CA00CF8546 /* CCMotionStreak.m */; };
		9609633F13E215CA00CF8546 /* CCNode.m in Sources */ = {isa = PBXBuildFile; fileRef = 9609633E13E215CA00CF8546 /* CCNode.m */; };
		9609634213E215CA00CF8546 /* CCParallaxNode.m in Sources */ = {isa = PBXBuildFile; fileRef = 9609634113E215CA00CF8546 /* CCParallaxNode.m */; };
		9609634513E215CA00CF8546 /* CCParticleExamples.m in Sources */ = {isa = PBXBuildFile; fileRef = 9609634413E215CA00CF8546 /* CCParticleExamples.m */; };
		9609634813E215CA00CF8546 /* CCParticleSystem.m in Sources */ = {isa = PBXBuildFile; fileRef = 9609634713E215CA00CF8546 /* CCParticleSystem.m */; };
		9609634B13E215CA00CF8546 /* CCParticleSystemPoint.m in Sources */ = {isa = PBXBuildFile; fileRef = 9609634A13E215CA00CF8546 /* CCParticleSystemPoint.m */; };
		9609634E13E215CA00CF8546 /* CCParticleSystemQuad.m in Sources */ = {isa = PBXBuildFile; fileRef = 9609634D13E215CA00CF8546 /* CCParticleSystemQuad.m */; };
		9609635113E215CA00CF8546 /* CCProgressTimer.m in Sources */ = {isa = PBXBuildFile; fileRef = 9609635013E215CA00CF8546 /* CCProgressTimer.m */; };
		9609635513E215CA00CF8546 /* CCRenderTexture.m in Sources */ = {isa = PBXBuildFile; fileRef = 9609635413E215CA00CF8546 /* CCRenderTexture.m */; };
		9609635813E215CA00CF8546 /* CCRibbon.m in Sources */ = {isa = PBXBuildFile; fileRef = 9609635713E215CA00CF8546 /* CCRibbon.m */; };
		9609635B13E215CA00CF8546 /* CCScene.m in Sources */ = {isa = PBXBuildFile; fileRef = 9609635A13E215CA00CF8546 /* CCScene.m */; };
		9609635E13E215CA00CF8546 /* CCScheduler.m in Sources */ = {isa = PBXBuildFile; fileRef = 9609635D13E215CA00CF8546 /* CCScheduler.m */; };
		9609636113E215CA00CF8546 /* CCSprite.m in Sources */ = {isa = PBXBuildFile; fileRef = 9609636013E215CA00CF8546 /* CCSprite.m */; };
		9609636413E215CA00CF8546 /* CCSpriteBatchNode.m in Sources */ = {isa = PBXBuildFile; fileRef = 9609636313E215CA00CF8546 /* CCSpriteBatchNode.m */; };
		9609636713E215CA00CF8546 /* CCSpriteFrame.m in Sources */ = {isa = PBXBuildFile; fileRef = 9609636613E215CA00CF8546 /* CCSpriteFrame.m */; };
		9609636A13E215CB00CF8546 /* CCSpriteFrameCache.m in Sources */ = {isa = PBXBuildFile; fileRef = 9609636913E215CB00CF8546 /* CCSpriteFrameCache.m */; };
		9609636D13E215CB00CF8546 /* CCTexture2D.m in Sources */ = {isa = PBXBuildFile; fileRef = 9609636C13E215CB00CF8546 /* CCTexture2D.m */; };
		9609637013E215CB00CF8546 /* CCTextureAtlas.m in Sources */ = {isa = PBXBuildFile; fileRef = 9609636F13E215CB00CF8546 /* CCTextureAtlas.m */; };
		9609637313E215CB00CF8546 /* CCTextureCache.m in Sources */ = {isa = PBXBuildFile; fileRef = 9609637213E215CB00CF8546 /* CCTextureCache.m */; };
		9609637613E215CB00CF8546 /* CCTexturePVR.m in Sources */ = {isa = PBXBuildFile; fileRef = 9609637513E215CB00CF8546 /* CCTexturePVR.m */; };
		9609637913E215CB00CF8546 /* CCTileMapAtlas.m in Sources */ = {isa = PBXBuildFile; fileRef = 9609637813E215CB00CF8546 /* CCTileMapAtlas.m */; };
		9609637C13E215CB00CF8546 /* CCTMXLayer.m in Sources */ = {isa = PBXBuildFile; fileRef = 9609637B13E215CB00CF8546 /* CCTMXLayer.m */; };
		9609637F13E215CB00CF8546 /* CCTMXObjectGroup.m in Sources */ = {isa = PBXBuildFile; fileRef = 9609637E13E215CB00CF8546 /* CCTMXObjectGroup.m */; };
		9609638213E215CB00CF8546 /* CCTMXTiledMap.m in Sources */ = {isa = PBXBuildFile; fileRef = 9609638113E215CB00CF8546 /* CCTMXTiledMap.m */; };
		9609638513E215CB00CF8546 /* CCTMXXMLParser.m in Sources */ = {isa = PBXBuildFile; fileRef = 9609638413E215CB00CF8546 /* CCTMXXMLParser.m */; };
		9609638813E215CB00CF8546 /* CCTransition.m in Sources */ = {isa = PBXBuildFile; fileRef = 9609638713E215CB00CF8546 /* CCTransition.m */; };
		9609638B13E215CB00CF8546 /* CCTransitionPageTurn.m in Sources */ = {isa = PBXBuildFile; fileRef = 9609638A13E215CB00CF8546 /* CCTransitionPageTurn.m */; };
		9609638E13E215CB00CF8546 /* CCTransitionRadial.m in Sources */ = {isa = PBXBuildFile; fileRef = 9609638D13E215CB00CF8546 /* CCTransitionRadial.m */; };
		9609639213E215CB00CF8546 /* cocos2d.m in Sources */ = {isa = PBXBuildFile; fileRef = 9609639113E215CB00CF8546 /* cocos2d.m */; };
		9609639913E215CC00CF8546 /* CCDirectorIOS.m in Sources */ = {isa = PBXBuildFile; fileRef = 9609639813E215CC00CF8546 /* CCDirectorIOS.m */; };
		9609639D13E215CC00CF8546 /* CCTouchDispatcher.m in Sources */ = {isa = PBXBuildFile; fileRef = 9609639C13E215CC00CF8546 /* CCTouchDispatcher.m */; };
		960963A013E215CC00CF8546 /* CCTouchHandler.m in Sources */ = {isa = PBXBuildFile; fileRef = 9609639F13E215CC00CF8546 /* CCTouchHandler.m */; };
		960963A313E215CC00CF8546 /* EAGLView.m in Sources */ = {isa = PBXBuildFile; fileRef = 960963A213E215CC00CF8546 /* EAGLView.m */; };
		960963A613E215CC00CF8546 /* ES1Renderer.m in Sources */ = {isa = PBXBuildFile; fileRef = 960963A513E215CC00CF8546 /* ES1Renderer.m */; };
		960963A913E215CC00CF8546 /* glu.c in Sources */ = {isa = PBXBuildFile; fileRef = 960963A813E215CC00CF8546 /* glu.c */; };
		960963AE13E215CC00CF8546 /* CCDirectorMac.m in Sources */ = {isa = PBXBuildFile; fileRef = 960963AD13E215CC00CF8546 /* CCDirectorMac.m */; };
		960963B113E215CC00CF8546 /* CCEventDispatcher.m in Sources */ = {isa = PBXBuildFile; fileRef = 960963B013E215CC00CF8546 /* CCEventDispatcher.m */; };
		960963B413E215CC00CF8546 /* MacGLView.m in Sources */ = {isa = PBXBuildFile; fileRef = 960963B313E215CC00CF8546 /* MacGLView.m */; };
		960963B713E215CC00CF8546 /* MacWindow.m in Sources */ = {isa = PBXBuildFile; fileRef = 960963B613E215CC00CF8546 /* MacWindow.m */; };
		960963BA13E215CC00CF8546 /* base64.c in Sources */ = {isa = PBXBuildFile; fileRef = 960963B913E215CC00CF8546 /* base64.c */; };
		960963BE13E215CC00CF8546 /* CCArray.m in Sources */ = {isa = PBXBuildFile; fileRef = 960963BD13E215CC00CF8546 /* CCArray.m */; };
		960963C213E215CC00CF8546 /* CCFileUtils.m in Sources */ = {isa = PBXBuildFile; fileRef = 960963C113E215CC00CF8546 /* CCFileUtils.m */; };
		960963C513E215CC00CF8546 /* CCProfiling.m in Sources */ = {isa = PBXBuildFile; fileRef = 960963C413E215CC00CF8546 /* CCProfiling.m */; };
		960963C713E215CC00CF8546 /* ccUtils.c in Sources */ = {isa = PBXBuildFile; fileRef = 960963C613E215CC00CF8546 /* ccUtils.c */; };
		960963CB13E215CC00CF8546 /* CGPointExtension.m in Sources */ = {isa = PBXBuildFile; fileRef = 960963CA13E215CC00CF8546 /* CGPointExtension.m */; };
		960963CF13E215CC00CF8546 /* TGAlib.m in Sources */ = {isa = PBXBuildFile; fileRef = 960963CE13E215CC00CF8546 /* TGAlib.m */; };
		960963D213E215CC00CF8546 /* TransformUtils.m in Sources */ = {isa = PBXBuildFile; fileRef = 960963D113E215CC00CF8546 /* TransformUtils.m */; };
		960963D713E215CD00CF8546 /* ZipUtils.m in Sources */ = {isa = PBXBuildFile; fileRef = 960963D613E215CD00CF8546 /* ZipUtils.m */; };
		960963DC13E215CD00CF8546 /* CDAudioManager.m in Sources */ = {isa = PBXBuildFile; fileRef = 960963DB13E215CD00CF8546 /* CDAudioManager.m */; };
		960963E013E215CD00CF8546 /* CDOpenALSupport.m in Sources */ = {isa = PBXBuildFile; fileRef = 960963DF13E215CD00CF8546 /* CDOpenALSupport.m */; };
		960963E313E215CD00CF8546 /* CocosDenshion.m in Sources */ = {isa = PBXBuildFile; fileRef = 960963E213E215CD00CF8546 /* CocosDenshion.m */; };
		960963E613E215CD00CF8546 /* SimpleAudioEngine.m in Sources */ = {isa = PBXBuildFile; fileRef = 960963E513E215CD00CF8546 /* SimpleAudioEngine.m */; };
		960963EB13E215CD00CF8546 /* CLScoreServerPost.m in Sources */ = {isa = PBXBuildFile; fileRef = 960963EA13E215CD00CF8546 /* CLScoreServerPost.m */; };
		960963EE13E215CD00CF8546 /* CLScoreServerRequest.m in Sources */ = {isa = PBXBuildFile; fileRef = 960963ED13E215CD00CF8546 /* CLScoreServerRequest.m */; };
		960963F113E215CD00CF8546 /* cocoslive.m in Sources */ = {isa = PBXBuildFile; fileRef = 960963F013E215CD00CF8546 /* cocoslive.m */; };
		960963F613E215CD00CF8546 /* CDataScanner.m in Sources */ = {isa = PBXBuildFile; fileRef = 960963F513E215CD00CF8546 /* CDataScanner.m */; };
		960963FA13E215CD00CF8546 /* CDataScanner_Extensions.m in Sources */ = {isa = PBXBuildFile; fileRef = 960963F913E215CD00CF8546 /* CDataScanner_Extensions.m */; };
		960963FD13E215CD00CF8546 /* NSDictionary_JSONExtensions.m in Sources */ = {isa = PBXBuildFile; fileRef = 960963FC13E215CD00CF8546 /* NSDictionary_JSONExtensions.m */; };
		9609640113E215CD00CF8546 /* CJSONDeserializer.m in Sources */ = {isa = PBXBuildFile; fileRef = 9609640013E215CD00CF8546 /* CJSONDeserializer.m */; };
		9609640413E215CE00CF8546 /* CJSONScanner.m in Sources */ = {isa = PBXBuildFile; fileRef = 9609640313E215CE00CF8546 /* CJSONScanner.m */; };
		9609640713E215CE00CF8546 /* CJSONSerializer.m in Sources */ = {isa = PBXBuildFile; fileRef = 9609640613E215CE00CF8546 /* CJSONSerializer.m */; };
		9609640C13E215CE00CF8546 /* FontLabel.m in Sources */ = {isa = PBXBuildFile; fileRef = 9609640B13E215CE00CF8546 /* FontLabel.m */; };
		9609640F13E215CE00CF8546 /* FontLabelStringDrawing.m in Sources */ = {isa = PBXBuildFile; fileRef = 9609640E13E215CE00CF8546 /* FontLabelStringDrawing.m */; };
		9609641213E215CE00CF8546 /* FontManager.m in Sources */ = {isa = PBXBuildFile; fileRef = 9609641113E215CE00CF8546 /* FontManager.m */; };
		9609641513E215CE00CF8546 /* ZAttributedString.m in Sources */ = {isa = PBXBuildFile; fileRef = 9609641413E215CE00CF8546 /* ZAttributedString.m */; };
		9609641913E215CE00CF8546 /* ZFont.m in Sources */ = {isa = PBXBuildFile; fileRef = 9609641813E215CE00CF8546 /* ZFont.m */; };
		9609641E13E215CE00CF8546 /* main.m in Sources */ = {isa = PBXBuildFile; fileRef = 9609641D13E215CE00CF8546 /* main.m */; };
		9609642113E215CE00CF8546 /* AppDelegate.m in Sources */ = {isa = PBXBuildFile; fileRef = 9609642013E215CE00CF8546 /* AppDelegate.m */; };
		9609642413E215CE00CF8546 /* RootViewController.m in Sources */ = {isa = PBXBuildFile; fileRef = 9609642313E215CE00CF8546 /* RootViewController.m */; };
		9609642713E215CE00CF8546 /* HelloWorldLayer.m in Sources */ = {isa = PBXBuildFile; fileRef = 9609642613E215CE00CF8546 /* HelloWorldLayer.m */; };
		9609643113E224E800CF8546 /* soundeffect.mp3 in Resources */ = {isa = PBXBuildFile; fileRef = 9609643013E224E800CF8546 /* soundeffect.mp3 */; };
		9609643D13E2281D00CF8546 /* icon.png in Resources */ = {isa = PBXBuildFile; fileRef = 9609643C13E2281D00CF8546 /* icon.png */; };
		9609643F13E2282000CF8546 /* icon-hd.png in Resources */ = {isa = PBXBuildFile; fileRef = 9609643E13E2282000CF8546 /* icon-hd.png */; };
		9609644313E2285F00CF8546 /* Default@2x.png in Resources */ = {isa = PBXBuildFile; fileRef = 9609644213E2285F00CF8546 /* Default@2x.png */; };
		9609644513E2286200CF8546 /* Default.png in Resources */ = {isa = PBXBuildFile; fileRef = 9609644413E2286200CF8546 /* Default.png */; };
/* End PBXBuildFile section */

/* Begin PBXFileReference section */
		960962B913E215C700CF8546 /* PawAppsExample_SimpleAudioEngine.app */ = {isa = PBXFileReference; explicitFileType = wrapper.application; includeInIndex = 0; path = PawAppsExample_SimpleAudioEngine.app; sourceTree = BUILT_PRODUCTS_DIR; };
		960962BD13E215C700CF8546 /* QuartzCore.framework */ = {isa = PBXFileReference; lastKnownFileType = wrapper.framework; name = QuartzCore.framework; path = System/Library/Frameworks/QuartzCore.framework; sourceTree = SDKROOT; };
		960962BF13E215C700CF8546 /* OpenGLES.framework */ = {isa = PBXFileReference; lastKnownFileType = wrapper.framework; name = OpenGLES.framework; path = System/Library/Frameworks/OpenGLES.framework; sourceTree = SDKROOT; };
		960962C113E215C700CF8546 /* OpenAL.framework */ = {isa = PBXFileReference; lastKnownFileType = wrapper.framework; name = OpenAL.framework; path = System/Library/Frameworks/OpenAL.framework; sourceTree = SDKROOT; };
		960962C313E215C700CF8546 /* AudioToolbox.framework */ = {isa = PBXFileReference; lastKnownFileType = wrapper.framework; name = AudioToolbox.framework; path = System/Library/Frameworks/AudioToolbox.framework; sourceTree = SDKROOT; };
		960962C513E215C700CF8546 /* AVFoundation.framework */ = {isa = PBXFileReference; lastKnownFileType = wrapper.framework; name = AVFoundation.framework; path = System/Library/Frameworks/AVFoundation.framework; sourceTree = SDKROOT; };
		960962C713E215C700CF8546 /* UIKit.framework */ = {isa = PBXFileReference; lastKnownFileType = wrapper.framework; name = UIKit.framework; path = System/Library/Frameworks/UIKit.framework; sourceTree = SDKROOT; };
		960962C913E215C700CF8546 /* Foundation.framework */ = {isa = PBXFileReference; lastKnownFileType = wrapper.framework; name = Foundation.framework; path = System/Library/Frameworks/Foundation.framework; sourceTree = SDKROOT; };
		960962CB13E215C700CF8546 /* CoreGraphics.framework */ = {isa = PBXFileReference; lastKnownFileType = wrapper.framework; name = CoreGraphics.framework; path = System/Library/Frameworks/CoreGraphics.framework; sourceTree = SDKROOT; };
		960962DF13E215C800CF8546 /* Info.plist */ = {isa = PBXFileReference; lastKnownFileType = text.plist.xml; name = Info.plist; path = Resources/Info.plist; sourceTree = "<group>"; };
		960962E013E215C800CF8546 /* iTunesArtwork */ = {isa = PBXFileReference; lastKnownFileType = file; name = iTunesArtwork; path = Resources/iTunesArtwork; sourceTree = "<group>"; };
		960962E413E215C800CF8546 /* CCAction.h */ = {isa = PBXFileReference; lastKnownFileType = sourcecode.c.h; name = CCAction.h; path = libs/cocos2d/CCAction.h; sourceTree = "<group>"; };
		960962E513E215C800CF8546 /* CCAction.m */ = {isa = PBXFileReference; lastKnownFileType = sourcecode.c.objc; name = CCAction.m; path = libs/cocos2d/CCAction.m; sourceTree = "<group>"; };
		960962E713E215C800CF8546 /* CCActionCamera.h */ = {isa = PBXFileReference; lastKnownFileType = sourcecode.c.h; name = CCActionCamera.h; path = libs/cocos2d/CCActionCamera.h; sourceTree = "<group>"; };
		960962E813E215C800CF8546 /* CCActionCamera.m */ = {isa = PBXFileReference; lastKnownFileType = sourcecode.c.objc; name = CCActionCamera.m; path = libs/cocos2d/CCActionCamera.m; sourceTree = "<group>"; };
		960962EA13E215C800CF8546 /* CCActionEase.h */ = {isa = PBXFileReference; lastKnownFileType = sourcecode.c.h; name = CCActionEase.h; path = libs/cocos2d/CCActionEase.h; sourceTree = "<group>"; };
		960962EB13E215C800CF8546 /* CCActionEase.m */ = {isa = PBXFileReference; lastKnownFileType = sourcecode.c.objc; name = CCActionEase.m; path = libs/cocos2d/CCActionEase.m; sourceTree = "<group>"; };
		960962ED13E215C800CF8546 /* CCActionGrid.h */ = {isa = PBXFileReference; lastKnownFileType = sourcecode.c.h; name = CCActionGrid.h; path = libs/cocos2d/CCActionGrid.h; sourceTree = "<group>"; };
		960962EE13E215C800CF8546 /* CCActionGrid.m */ = {isa = PBXFileReference; lastKnownFileType = sourcecode.c.objc; name = CCActionGrid.m; path = libs/cocos2d/CCActionGrid.m; sourceTree = "<group>"; };
		960962F013E215C800CF8546 /* CCActionGrid3D.h */ = {isa = PBXFileReference; lastKnownFileType = sourcecode.c.h; name = CCActionGrid3D.h; path = libs/cocos2d/CCActionGrid3D.h; sourceTree = "<group>"; };
		960962F113E215C800CF8546 /* CCActionGrid3D.m */ = {isa = PBXFileReference; lastKnownFileType = sourcecode.c.objc; name = CCActionGrid3D.m; path = libs/cocos2d/CCActionGrid3D.m; sourceTree = "<group>"; };
		960962F313E215C800CF8546 /* CCActionInstant.h */ = {isa = PBXFileReference; lastKnownFileType = sourcecode.c.h; name = CCActionInstant.h; path = libs/cocos2d/CCActionInstant.h; sourceTree = "<group>"; };
		960962F413E215C800CF8546 /* CCActionInstant.m */ = {isa = PBXFileReference; lastKnownFileType = sourcecode.c.objc; name = CCActionInstant.m; path = libs/cocos2d/CCActionInstant.m; sourceTree = "<group>"; };
		960962F613E215C800CF8546 /* CCActionInterval.h */ = {isa = PBXFileReference; lastKnownFileType = sourcecode.c.h; name = CCActionInterval.h; path = libs/cocos2d/CCActionInterval.h; sourceTree = "<group>"; };
		960962F713E215C800CF8546 /* CCActionInterval.m */ = {isa = PBXFileReference; lastKnownFileType = sourcecode.c.objc; name = CCActionInterval.m; path = libs/cocos2d/CCActionInterval.m; sourceTree = "<group>"; };
		960962F913E215C800CF8546 /* CCActionManager.h */ = {isa = PBXFileReference; lastKnownFileType = sourcecode.c.h; name = CCActionManager.h; path = libs/cocos2d/CCActionManager.h; sourceTree = "<group>"; };
		960962FA13E215C800CF8546 /* CCActionManager.m */ = {isa = PBXFileReference; lastKnownFileType = sourcecode.c.objc; name = CCActionManager.m; path = libs/cocos2d/CCActionManager.m; sourceTree = "<group>"; };
		960962FC13E215C800CF8546 /* CCActionPageTurn3D.h */ = {isa = PBXFileReference; lastKnownFileType = sourcecode.c.h; name = CCActionPageTurn3D.h; path = libs/cocos2d/CCActionPageTurn3D.h; sourceTree = "<group>"; };
		960962FD13E215C800CF8546 /* CCActionPageTurn3D.m */ = {isa = PBXFileReference; lastKnownFileType = sourcecode.c.objc; name = CCActionPageTurn3D.m; path = libs/cocos2d/CCActionPageTurn3D.m; sourceTree = "<group>"; };
		960962FF13E215C800CF8546 /* CCActionProgressTimer.h */ = {isa = PBXFileReference; lastKnownFileType = sourcecode.c.h; name = CCActionProgressTimer.h; path = libs/cocos2d/CCActionProgressTimer.h; sourceTree = "<group>"; };
		9609630013E215C800CF8546 /* CCActionProgressTimer.m */ = {isa = PBXFileReference; lastKnownFileType = sourcecode.c.objc; name = CCActionProgressTimer.m; path = libs/cocos2d/CCActionProgressTimer.m; sourceTree = "<group>"; };
		9609630213E215C800CF8546 /* CCActionTiledGrid.h */ = {isa = PBXFileReference; lastKnownFileType = sourcecode.c.h; name = CCActionTiledGrid.h; path = libs/cocos2d/CCActionTiledGrid.h; sourceTree = "<group>"; };
		9609630313E215C800CF8546 /* CCActionTiledGrid.m */ = {isa = PBXFileReference; lastKnownFileType = sourcecode.c.objc; name = CCActionTiledGrid.m; path = libs/cocos2d/CCActionTiledGrid.m; sourceTree = "<group>"; };
		9609630513E215C800CF8546 /* CCActionTween.h */ = {isa = PBXFileReference; lastKnownFileType = sourcecode.c.h; name = CCActionTween.h; path = libs/cocos2d/CCActionTween.h; sourceTree = "<group>"; };
		9609630613E215C800CF8546 /* CCActionTween.m */ = {isa = PBXFileReference; lastKnownFileType = sourcecode.c.objc; name = CCActionTween.m; path = libs/cocos2d/CCActionTween.m; sourceTree = "<group>"; };
		9609630813E215C800CF8546 /* CCAnimation.h */ = {isa = PBXFileReference; lastKnownFileType = sourcecode.c.h; name = CCAnimation.h; path = libs/cocos2d/CCAnimation.h; sourceTree = "<group>"; };
		9609630913E215C800CF8546 /* CCAnimation.m */ = {isa = PBXFileReference; lastKnownFileType = sourcecode.c.objc; name = CCAnimation.m; path = libs/cocos2d/CCAnimation.m; sourceTree = "<group>"; };
		9609630B13E215C800CF8546 /* CCAnimationCache.h */ = {isa = PBXFileReference; lastKnownFileType = sourcecode.c.h; name = CCAnimationCache.h; path = libs/cocos2d/CCAnimationCache.h; sourceTree = "<group>"; };
		9609630C13E215C800CF8546 /* CCAnimationCache.m */ = {isa = PBXFileReference; lastKnownFileType = sourcecode.c.objc; name = CCAnimationCache.m; path = libs/cocos2d/CCAnimationCache.m; sourceTree = "<group>"; };
		9609630E13E215C800CF8546 /* CCAtlasNode.h */ = {isa = PBXFileReference; lastKnownFileType = sourcecode.c.h; name = CCAtlasNode.h; path = libs/cocos2d/CCAtlasNode.h; sourceTree = "<group>"; };
		9609630F13E215C800CF8546 /* CCAtlasNode.m */ = {isa = PBXFileReference; lastKnownFileType = sourcecode.c.objc; name = CCAtlasNode.m; path = libs/cocos2d/CCAtlasNode.m; sourceTree = "<group>"; };
		9609631113E215C800CF8546 /* CCBlockSupport.h */ = {isa = PBXFileReference; lastKnownFileType = sourcecode.c.h; name = CCBlockSupport.h; path = libs/cocos2d/CCBlockSupport.h; sourceTree = "<group>"; };
		9609631213E215C900CF8546 /* CCBlockSupport.m */ = {isa = PBXFileReference; lastKnownFileType = sourcecode.c.objc; name = CCBlockSupport.m; path = libs/cocos2d/CCBlockSupport.m; sourceTree = "<group>"; };
		9609631413E215C900CF8546 /* CCCamera.h */ = {isa = PBXFileReference; lastKnownFileType = sourcecode.c.h; name = CCCamera.h; path = libs/cocos2d/CCCamera.h; sourceTree = "<group>"; };
		9609631513E215C900CF8546 /* CCCamera.m */ = {isa = PBXFileReference; lastKnownFileType = sourcecode.c.objc; name = CCCamera.m; path = libs/cocos2d/CCCamera.m; sourceTree = "<group>"; };
		9609631713E215C900CF8546 /* ccConfig.h */ = {isa = PBXFileReference; lastKnownFileType = sourcecode.c.h; name = ccConfig.h; path = libs/cocos2d/ccConfig.h; sourceTree = "<group>"; };
		9609631813E215C900CF8546 /* CCConfiguration.h */ = {isa = PBXFileReference; lastKnownFileType = sourcecode.c.h; name = CCConfiguration.h; path = libs/cocos2d/CCConfiguration.h; sourceTree = "<group>"; };
		9609631913E215C900CF8546 /* CCConfiguration.m */ = {isa = PBXFileReference; lastKnownFileType = sourcecode.c.objc; name = CCConfiguration.m; path = libs/cocos2d/CCConfiguration.m; sourceTree = "<group>"; };
		9609631B13E215C900CF8546 /* CCDirector.h */ = {isa = PBXFileReference; lastKnownFileType = sourcecode.c.h; name = CCDirector.h; path = libs/cocos2d/CCDirector.h; sourceTree = "<group>"; };
		9609631C13E215C900CF8546 /* CCDirector.m */ = {isa = PBXFileReference; lastKnownFileType = sourcecode.c.objc; name = CCDirector.m; path = libs/cocos2d/CCDirector.m; sourceTree = "<group>"; };
		9609631E13E215C900CF8546 /* CCDrawingPrimitives.h */ = {isa = PBXFileReference; lastKnownFileType = sourcecode.c.h; name = CCDrawingPrimitives.h; path = libs/cocos2d/CCDrawingPrimitives.h; sourceTree = "<group>"; };
		9609631F13E215C900CF8546 /* CCDrawingPrimitives.m */ = {isa = PBXFileReference; lastKnownFileType = sourcecode.c.objc; name = CCDrawingPrimitives.m; path = libs/cocos2d/CCDrawingPrimitives.m; sourceTree = "<group>"; };
		9609632113E215C900CF8546 /* CCGrabber.h */ = {isa = PBXFileReference; lastKnownFileType = sourcecode.c.h; name = CCGrabber.h; path = libs/cocos2d/CCGrabber.h; sourceTree = "<group>"; };
		9609632213E215C900CF8546 /* CCGrabber.m */ = {isa = PBXFileReference; lastKnownFileType = sourcecode.c.objc; name = CCGrabber.m; path = libs/cocos2d/CCGrabber.m; sourceTree = "<group>"; };
		9609632413E215C900CF8546 /* CCGrid.h */ = {isa = PBXFileReference; lastKnownFileType = sourcecode.c.h; name = CCGrid.h; path = libs/cocos2d/CCGrid.h; sourceTree = "<group>"; };
		9609632513E215C900CF8546 /* CCGrid.m */ = {isa = PBXFileReference; lastKnownFileType = sourcecode.c.objc; name = CCGrid.m; path = libs/cocos2d/CCGrid.m; sourceTree = "<group>"; };
		9609632713E215C900CF8546 /* CCLabelAtlas.h */ = {isa = PBXFileReference; lastKnownFileType = sourcecode.c.h; name = CCLabelAtlas.h; path = libs/cocos2d/CCLabelAtlas.h; sourceTree = "<group>"; };
		9609632813E215C900CF8546 /* CCLabelAtlas.m */ = {isa = PBXFileReference; lastKnownFileType = sourcecode.c.objc; name = CCLabelAtlas.m; path = libs/cocos2d/CCLabelAtlas.m; sourceTree = "<group>"; };
		9609632A13E215C900CF8546 /* CCLabelBMFont.h */ = {isa = PBXFileReference; lastKnownFileType = sourcecode.c.h; name = CCLabelBMFont.h; path = libs/cocos2d/CCLabelBMFont.h; sourceTree = "<group>"; };
		9609632B13E215C900CF8546 /* CCLabelBMFont.m */ = {isa = PBXFileReference; lastKnownFileType = sourcecode.c.objc; name = CCLabelBMFont.m; path = libs/cocos2d/CCLabelBMFont.m; sourceTree = "<group>"; };
		9609632D13E215C900CF8546 /* CCLabelTTF.h */ = {isa = PBXFileReference; lastKnownFileType = sourcecode.c.h; name = CCLabelTTF.h; path = libs/cocos2d/CCLabelTTF.h; sourceTree = "<group>"; };
		9609632E13E215C900CF8546 /* CCLabelTTF.m */ = {isa = PBXFileReference; lastKnownFileType = sourcecode.c.objc; name = CCLabelTTF.m; path = libs/cocos2d/CCLabelTTF.m; sourceTree = "<group>"; };
		9609633013E215C900CF8546 /* CCLayer.h */ = {isa = PBXFileReference; lastKnownFileType = sourcecode.c.h; name = CCLayer.h; path = libs/cocos2d/CCLayer.h; sourceTree = "<group>"; };
		9609633113E215C900CF8546 /* CCLayer.m */ = {isa = PBXFileReference; lastKnownFileType = sourcecode.c.objc; name = CCLayer.m; path = libs/cocos2d/CCLayer.m; sourceTree = "<group>"; };
		9609633313E215C900CF8546 /* ccMacros.h */ = {isa = PBXFileReference; lastKnownFileType = sourcecode.c.h; name = ccMacros.h; path = libs/cocos2d/ccMacros.h; sourceTree = "<group>"; };
		9609633413E215C900CF8546 /* CCMenu.h */ = {isa = PBXFileReference; lastKnownFileType = sourcecode.c.h; name = CCMenu.h; path = libs/cocos2d/CCMenu.h; sourceTree = "<group>"; };
		9609633513E215C900CF8546 /* CCMenu.m */ = {isa = PBXFileReference; lastKnownFileType = sourcecode.c.objc; name = CCMenu.m; path = libs/cocos2d/CCMenu.m; sourceTree = "<group>"; };
		9609633713E215C900CF8546 /* CCMenuItem.h */ = {isa = PBXFileReference; lastKnownFileType = sourcecode.c.h; name = CCMenuItem.h; path = libs/cocos2d/CCMenuItem.h; sourceTree = "<group>"; };
		9609633813E215C900CF8546 /* CCMenuItem.m */ = {isa = PBXFileReference; lastKnownFileType = sourcecode.c.objc; name = CCMenuItem.m; path = libs/cocos2d/CCMenuItem.m; sourceTree = "<group>"; };
		9609633A13E215C900CF8546 /* CCMotionStreak.h */ = {isa = PBXFileReference; lastKnownFileType = sourcecode.c.h; name = CCMotionStreak.h; path = libs/cocos2d/CCMotionStreak.h; sourceTree = "<group>"; };
		9609633B13E215CA00CF8546 /* CCMotionStreak.m */ = {isa = PBXFileReference; lastKnownFileType = sourcecode.c.objc; name = CCMotionStreak.m; path = libs/cocos2d/CCMotionStreak.m; sourceTree = "<group>"; };
		9609633D13E215CA00CF8546 /* CCNode.h */ = {isa = PBXFileReference; lastKnownFileType = sourcecode.c.h; name = CCNode.h; path = libs/cocos2d/CCNode.h; sourceTree = "<group>"; };
		9609633E13E215CA00CF8546 /* CCNode.m */ = {isa = PBXFileReference; lastKnownFileType = sourcecode.c.objc; name = CCNode.m; path = libs/cocos2d/CCNode.m; sourceTree = "<group>"; };
		9609634013E215CA00CF8546 /* CCParallaxNode.h */ = {isa = PBXFileReference; lastKnownFileType = sourcecode.c.h; name = CCParallaxNode.h; path = libs/cocos2d/CCParallaxNode.h; sourceTree = "<group>"; };
		9609634113E215CA00CF8546 /* CCParallaxNode.m */ = {isa = PBXFileReference; lastKnownFileType = sourcecode.c.objc; name = CCParallaxNode.m; path = libs/cocos2d/CCParallaxNode.m; sourceTree = "<group>"; };
		9609634313E215CA00CF8546 /* CCParticleExamples.h */ = {isa = PBXFileReference; lastKnownFileType = sourcecode.c.h; name = CCParticleExamples.h; path = libs/cocos2d/CCParticleExamples.h; sourceTree = "<group>"; };
		9609634413E215CA00CF8546 /* CCParticleExamples.m */ = {isa = PBXFileReference; lastKnownFileType = sourcecode.c.objc; name = CCParticleExamples.m; path = libs/cocos2d/CCParticleExamples.m; sourceTree = "<group>"; };
		9609634613E215CA00CF8546 /* CCParticleSystem.h */ = {isa = PBXFileReference; lastKnownFileType = sourcecode.c.h; name = CCParticleSystem.h; path = libs/cocos2d/CCParticleSystem.h; sourceTree = "<group>"; };
		9609634713E215CA00CF8546 /* CCParticleSystem.m */ = {isa = PBXFileReference; lastKnownFileType = sourcecode.c.objc; name = CCParticleSystem.m; path = libs/cocos2d/CCParticleSystem.m; sourceTree = "<group>"; };
		9609634913E215CA00CF8546 /* CCParticleSystemPoint.h */ = {isa = PBXFileReference; lastKnownFileType = sourcecode.c.h; name = CCParticleSystemPoint.h; path = libs/cocos2d/CCParticleSystemPoint.h; sourceTree = "<group>"; };
		9609634A13E215CA00CF8546 /* CCParticleSystemPoint.m */ = {isa = PBXFileReference; lastKnownFileType = sourcecode.c.objc; name = CCParticleSystemPoint.m; path = libs/cocos2d/CCParticleSystemPoint.m; sourceTree = "<group>"; };
		9609634C13E215CA00CF8546 /* CCParticleSystemQuad.h */ = {isa = PBXFileReference; lastKnownFileType = sourcecode.c.h; name = CCParticleSystemQuad.h; path = libs/cocos2d/CCParticleSystemQuad.h; sourceTree = "<group>"; };
		9609634D13E215CA00CF8546 /* CCParticleSystemQuad.m */ = {isa = PBXFileReference; lastKnownFileType = sourcecode.c.objc; name = CCParticleSystemQuad.m; path = libs/cocos2d/CCParticleSystemQuad.m; sourceTree = "<group>"; };
		9609634F13E215CA00CF8546 /* CCProgressTimer.h */ = {isa = PBXFileReference; lastKnownFileType = sourcecode.c.h; name = CCProgressTimer.h; path = libs/cocos2d/CCProgressTimer.h; sourceTree = "<group>"; };
		9609635013E215CA00CF8546 /* CCProgressTimer.m */ = {isa = PBXFileReference; lastKnownFileType = sourcecode.c.objc; name = CCProgressTimer.m; path = libs/cocos2d/CCProgressTimer.m; sourceTree = "<group>"; };
		9609635213E215CA00CF8546 /* CCProtocols.h */ = {isa = PBXFileReference; lastKnownFileType = sourcecode.c.h; name = CCProtocols.h; path = libs/cocos2d/CCProtocols.h; sourceTree = "<group>"; };
		9609635313E215CA00CF8546 /* CCRenderTexture.h */ = {isa = PBXFileReference; lastKnownFileType = sourcecode.c.h; name = CCRenderTexture.h; path = libs/cocos2d/CCRenderTexture.h; sourceTree = "<group>"; };
		9609635413E215CA00CF8546 /* CCRenderTexture.m */ = {isa = PBXFileReference; lastKnownFileType = sourcecode.c.objc; name = CCRenderTexture.m; path = libs/cocos2d/CCRenderTexture.m; sourceTree = "<group>"; };
		9609635613E215CA00CF8546 /* CCRibbon.h */ = {isa = PBXFileReference; lastKnownFileType = sourcecode.c.h; name = CCRibbon.h; path = libs/cocos2d/CCRibbon.h; sourceTree = "<group>"; };
		9609635713E215CA00CF8546 /* CCRibbon.m */ = {isa = PBXFileReference; lastKnownFileType = sourcecode.c.objc; name = CCRibbon.m; path = libs/cocos2d/CCRibbon.m; sourceTree = "<group>"; };
		9609635913E215CA00CF8546 /* CCScene.h */ = {isa = PBXFileReference; lastKnownFileType = sourcecode.c.h; name = CCScene.h; path = libs/cocos2d/CCScene.h; sourceTree = "<group>"; };
		9609635A13E215CA00CF8546 /* CCScene.m */ = {isa = PBXFileReference; lastKnownFileType = sourcecode.c.objc; name = CCScene.m; path = libs/cocos2d/CCScene.m; sourceTree = "<group>"; };
		9609635C13E215CA00CF8546 /* CCScheduler.h */ = {isa = PBXFileReference; lastKnownFileType = sourcecode.c.h; name = CCScheduler.h; path = libs/cocos2d/CCScheduler.h; sourceTree = "<group>"; };
		9609635D13E215CA00CF8546 /* CCScheduler.m */ = {isa = PBXFileReference; lastKnownFileType = sourcecode.c.objc; name = CCScheduler.m; path = libs/cocos2d/CCScheduler.m; sourceTree = "<group>"; };
		9609635F13E215CA00CF8546 /* CCSprite.h */ = {isa = PBXFileReference; lastKnownFileType = sourcecode.c.h; name = CCSprite.h; path = libs/cocos2d/CCSprite.h; sourceTree = "<group>"; };
		9609636013E215CA00CF8546 /* CCSprite.m */ = {isa = PBXFileReference; lastKnownFileType = sourcecode.c.objc; name = CCSprite.m; path = libs/cocos2d/CCSprite.m; sourceTree = "<group>"; };
		9609636213E215CA00CF8546 /* CCSpriteBatchNode.h */ = {isa = PBXFileReference; lastKnownFileType = sourcecode.c.h; name = CCSpriteBatchNode.h; path = libs/cocos2d/CCSpriteBatchNode.h; sourceTree = "<group>"; };
		9609636313E215CA00CF8546 /* CCSpriteBatchNode.m */ = {isa = PBXFileReference; lastKnownFileType = sourcecode.c.objc; name = CCSpriteBatchNode.m; path = libs/cocos2d/CCSpriteBatchNode.m; sourceTree = "<group>"; };
		9609636513E215CA00CF8546 /* CCSpriteFrame.h */ = {isa = PBXFileReference; lastKnownFileType = sourcecode.c.h; name = CCSpriteFrame.h; path = libs/cocos2d/CCSpriteFrame.h; sourceTree = "<group>"; };
		9609636613E215CA00CF8546 /* CCSpriteFrame.m */ = {isa = PBXFileReference; lastKnownFileType = sourcecode.c.objc; name = CCSpriteFrame.m; path = libs/cocos2d/CCSpriteFrame.m; sourceTree = "<group>"; };
		9609636813E215CA00CF8546 /* CCSpriteFrameCache.h */ = {isa = PBXFileReference; lastKnownFileType = sourcecode.c.h; name = CCSpriteFrameCache.h; path = libs/cocos2d/CCSpriteFrameCache.h; sourceTree = "<group>"; };
		9609636913E215CB00CF8546 /* CCSpriteFrameCache.m */ = {isa = PBXFileReference; lastKnownFileType = sourcecode.c.objc; name = CCSpriteFrameCache.m; path = libs/cocos2d/CCSpriteFrameCache.m; sourceTree = "<group>"; };
		9609636B13E215CB00CF8546 /* CCTexture2D.h */ = {isa = PBXFileReference; lastKnownFileType = sourcecode.c.h; name = CCTexture2D.h; path = libs/cocos2d/CCTexture2D.h; sourceTree = "<group>"; };
		9609636C13E215CB00CF8546 /* CCTexture2D.m */ = {isa = PBXFileReference; lastKnownFileType = sourcecode.c.objc; name = CCTexture2D.m; path = libs/cocos2d/CCTexture2D.m; sourceTree = "<group>"; };
		9609636E13E215CB00CF8546 /* CCTextureAtlas.h */ = {isa = PBXFileReference; lastKnownFileType = sourcecode.c.h; name = CCTextureAtlas.h; path = libs/cocos2d/CCTextureAtlas.h; sourceTree = "<group>"; };
		9609636F13E215CB00CF8546 /* CCTextureAtlas.m */ = {isa = PBXFileReference; lastKnownFileType = sourcecode.c.objc; name = CCTextureAtlas.m; path = libs/cocos2d/CCTextureAtlas.m; sourceTree = "<group>"; };
		9609637113E215CB00CF8546 /* CCTextureCache.h */ = {isa = PBXFileReference; lastKnownFileType = sourcecode.c.h; name = CCTextureCache.h; path = libs/cocos2d/CCTextureCache.h; sourceTree = "<group>"; };
		9609637213E215CB00CF8546 /* CCTextureCache.m */ = {isa = PBXFileReference; lastKnownFileType = sourcecode.c.objc; name = CCTextureCache.m; path = libs/cocos2d/CCTextureCache.m; sourceTree = "<group>"; };
		9609637413E215CB00CF8546 /* CCTexturePVR.h */ = {isa = PBXFileReference; lastKnownFileType = sourcecode.c.h; name = CCTexturePVR.h; path = libs/cocos2d/CCTexturePVR.h; sourceTree = "<group>"; };
		9609637513E215CB00CF8546 /* CCTexturePVR.m */ = {isa = PBXFileReference; lastKnownFileType = sourcecode.c.objc; name = CCTexturePVR.m; path = libs/cocos2d/CCTexturePVR.m; sourceTree = "<group>"; };
		9609637713E215CB00CF8546 /* CCTileMapAtlas.h */ = {isa = PBXFileReference; lastKnownFileType = sourcecode.c.h; name = CCTileMapAtlas.h; path = libs/cocos2d/CCTileMapAtlas.h; sourceTree = "<group>"; };
		9609637813E215CB00CF8546 /* CCTileMapAtlas.m */ = {isa = PBXFileReference; lastKnownFileType = sourcecode.c.objc; name = CCTileMapAtlas.m; path = libs/cocos2d/CCTileMapAtlas.m; sourceTree = "<group>"; };
		9609637A13E215CB00CF8546 /* CCTMXLayer.h */ = {isa = PBXFileReference; lastKnownFileType = sourcecode.c.h; name = CCTMXLayer.h; path = libs/cocos2d/CCTMXLayer.h; sourceTree = "<group>"; };
		9609637B13E215CB00CF8546 /* CCTMXLayer.m */ = {isa = PBXFileReference; lastKnownFileType = sourcecode.c.objc; name = CCTMXLayer.m; path = libs/cocos2d/CCTMXLayer.m; sourceTree = "<group>"; };
		9609637D13E215CB00CF8546 /* CCTMXObjectGroup.h */ = {isa = PBXFileReference; lastKnownFileType = sourcecode.c.h; name = CCTMXObjectGroup.h; path = libs/cocos2d/CCTMXObjectGroup.h; sourceTree = "<group>"; };
		9609637E13E215CB00CF8546 /* CCTMXObjectGroup.m */ = {isa = PBXFileReference; lastKnownFileType = sourcecode.c.objc; name = CCTMXObjectGroup.m; path = libs/cocos2d/CCTMXObjectGroup.m; sourceTree = "<group>"; };
		9609638013E215CB00CF8546 /* CCTMXTiledMap.h */ = {isa = PBXFileReference; lastKnownFileType = sourcecode.c.h; name = CCTMXTiledMap.h; path = libs/cocos2d/CCTMXTiledMap.h; sourceTree = "<group>"; };
		9609638113E215CB00CF8546 /* CCTMXTiledMap.m */ = {isa = PBXFileReference; lastKnownFileType = sourcecode.c.objc; name = CCTMXTiledMap.m; path = libs/cocos2d/CCTMXTiledMap.m; sourceTree = "<group>"; };
		9609638313E215CB00CF8546 /* CCTMXXMLParser.h */ = {isa = PBXFileReference; lastKnownFileType = sourcecode.c.h; name = CCTMXXMLParser.h; path = libs/cocos2d/CCTMXXMLParser.h; sourceTree = "<group>"; };
		9609638413E215CB00CF8546 /* CCTMXXMLParser.m */ = {isa = PBXFileReference; lastKnownFileType = sourcecode.c.objc; name = CCTMXXMLParser.m; path = libs/cocos2d/CCTMXXMLParser.m; sourceTree = "<group>"; };
		9609638613E215CB00CF8546 /* CCTransition.h */ = {isa = PBXFileReference; lastKnownFileType = sourcecode.c.h; name = CCTransition.h; path = libs/cocos2d/CCTransition.h; sourceTree = "<group>"; };
		9609638713E215CB00CF8546 /* CCTransition.m */ = {isa = PBXFileReference; lastKnownFileType = sourcecode.c.objc; name = CCTransition.m; path = libs/cocos2d/CCTransition.m; sourceTree = "<group>"; };
		9609638913E215CB00CF8546 /* CCTransitionPageTurn.h */ = {isa = PBXFileReference; lastKnownFileType = sourcecode.c.h; name = CCTransitionPageTurn.h; path = libs/cocos2d/CCTransitionPageTurn.h; sourceTree = "<group>"; };
		9609638A13E215CB00CF8546 /* CCTransitionPageTurn.m */ = {isa = PBXFileReference; lastKnownFileType = sourcecode.c.objc; name = CCTransitionPageTurn.m; path = libs/cocos2d/CCTransitionPageTurn.m; sourceTree = "<group>"; };
		9609638C13E215CB00CF8546 /* CCTransitionRadial.h */ = {isa = PBXFileReference; lastKnownFileType = sourcecode.c.h; name = CCTransitionRadial.h; path = libs/cocos2d/CCTransitionRadial.h; sourceTree = "<group>"; };
		9609638D13E215CB00CF8546 /* CCTransitionRadial.m */ = {isa = PBXFileReference; lastKnownFileType = sourcecode.c.objc; name = CCTransitionRadial.m; path = libs/cocos2d/CCTransitionRadial.m; sourceTree = "<group>"; };
		9609638F13E215CB00CF8546 /* ccTypes.h */ = {isa = PBXFileReference; lastKnownFileType = sourcecode.c.h; name = ccTypes.h; path = libs/cocos2d/ccTypes.h; sourceTree = "<group>"; };
		9609639013E215CB00CF8546 /* cocos2d.h */ = {isa = PBXFileReference; lastKnownFileType = sourcecode.c.h; name = cocos2d.h; path = libs/cocos2d/cocos2d.h; sourceTree = "<group>"; };
		9609639113E215CB00CF8546 /* cocos2d.m */ = {isa = PBXFileReference; lastKnownFileType = sourcecode.c.objc; name = cocos2d.m; path = libs/cocos2d/cocos2d.m; sourceTree = "<group>"; };
		9609639413E215CB00CF8546 /* CCGL.h */ = {isa = PBXFileReference; lastKnownFileType = sourcecode.c.h; name = CCGL.h; path = libs/cocos2d/Platforms/CCGL.h; sourceTree = "<group>"; };
		9609639513E215CB00CF8546 /* CCNS.h */ = {isa = PBXFileReference; lastKnownFileType = sourcecode.c.h; name = CCNS.h; path = libs/cocos2d/Platforms/CCNS.h; sourceTree = "<group>"; };
		9609639713E215CB00CF8546 /* CCDirectorIOS.h */ = {isa = PBXFileReference; lastKnownFileType = sourcecode.c.h; name = CCDirectorIOS.h; path = libs/cocos2d/Platforms/iOS/CCDirectorIOS.h; sourceTree = "<group>"; };
		9609639813E215CC00CF8546 /* CCDirectorIOS.m */ = {isa = PBXFileReference; lastKnownFileType = sourcecode.c.objc; name = CCDirectorIOS.m; path = libs/cocos2d/Platforms/iOS/CCDirectorIOS.m; sourceTree = "<group>"; };
		9609639A13E215CC00CF8546 /* CCTouchDelegateProtocol.h */ = {isa = PBXFileReference; lastKnownFileType = sourcecode.c.h; name = CCTouchDelegateProtocol.h; path = libs/cocos2d/Platforms/iOS/CCTouchDelegateProtocol.h; sourceTree = "<group>"; };
		9609639B13E215CC00CF8546 /* CCTouchDispatcher.h */ = {isa = PBXFileReference; lastKnownFileType = sourcecode.c.h; name = CCTouchDispatcher.h; path = libs/cocos2d/Platforms/iOS/CCTouchDispatcher.h; sourceTree = "<group>"; };
		9609639C13E215CC00CF8546 /* CCTouchDispatcher.m */ = {isa = PBXFileReference; lastKnownFileType = sourcecode.c.objc; name = CCTouchDispatcher.m; path = libs/cocos2d/Platforms/iOS/CCTouchDispatcher.m; sourceTree = "<group>"; };
		9609639E13E215CC00CF8546 /* CCTouchHandler.h */ = {isa = PBXFileReference; lastKnownFileType = sourcecode.c.h; name = CCTouchHandler.h; path = libs/cocos2d/Platforms/iOS/CCTouchHandler.h; sourceTree = "<group>"; };
		9609639F13E215CC00CF8546 /* CCTouchHandler.m */ = {isa = PBXFileReference; lastKnownFileType = sourcecode.c.objc; name = CCTouchHandler.m; path = libs/cocos2d/Platforms/iOS/CCTouchHandler.m; sourceTree = "<group>"; };
		960963A113E215CC00CF8546 /* EAGLView.h */ = {isa = PBXFileReference; lastKnownFileType = sourcecode.c.h; name = EAGLView.h; path = libs/cocos2d/Platforms/iOS/EAGLView.h; sourceTree = "<group>"; };
		960963A213E215CC00CF8546 /* EAGLView.m */ = {isa = PBXFileReference; lastKnownFileType = sourcecode.c.objc; name = EAGLView.m; path = libs/cocos2d/Platforms/iOS/EAGLView.m; sourceTree = "<group>"; };
		960963A413E215CC00CF8546 /* ES1Renderer.h */ = {isa = PBXFileReference; lastKnownFileType = sourcecode.c.h; name = ES1Renderer.h; path = libs/cocos2d/Platforms/iOS/ES1Renderer.h; sourceTree = "<group>"; };
		960963A513E215CC00CF8546 /* ES1Renderer.m */ = {isa = PBXFileReference; lastKnownFileType = sourcecode.c.objc; name = ES1Renderer.m; path = libs/cocos2d/Platforms/iOS/ES1Renderer.m; sourceTree = "<group>"; };
		960963A713E215CC00CF8546 /* ESRenderer.h */ = {isa = PBXFileReference; lastKnownFileType = sourcecode.c.h; name = ESRenderer.h; path = libs/cocos2d/Platforms/iOS/ESRenderer.h; sourceTree = "<group>"; };
		960963A813E215CC00CF8546 /* glu.c */ = {isa = PBXFileReference; lastKnownFileType = sourcecode.c.c; name = glu.c; path = libs/cocos2d/Platforms/iOS/glu.c; sourceTree = "<group>"; };
		960963AA13E215CC00CF8546 /* glu.h */ = {isa = PBXFileReference; lastKnownFileType = sourcecode.c.h; name = glu.h; path = libs/cocos2d/Platforms/iOS/glu.h; sourceTree = "<group>"; };
		960963AC13E215CC00CF8546 /* CCDirectorMac.h */ = {isa = PBXFileReference; lastKnownFileType = sourcecode.c.h; name = CCDirectorMac.h; path = libs/cocos2d/Platforms/Mac/CCDirectorMac.h; sourceTree = "<group>"; };
		960963AD13E215CC00CF8546 /* CCDirectorMac.m */ = {isa = PBXFileReference; lastKnownFileType = sourcecode.c.objc; name = CCDirectorMac.m; path = libs/cocos2d/Platforms/Mac/CCDirectorMac.m; sourceTree = "<group>"; };
		960963AF13E215CC00CF8546 /* CCEventDispatcher.h */ = {isa = PBXFileReference; lastKnownFileType = sourcecode.c.h; name = CCEventDispatcher.h; path = libs/cocos2d/Platforms/Mac/CCEventDispatcher.h; sourceTree = "<group>"; };
		960963B013E215CC00CF8546 /* CCEventDispatcher.m */ = {isa = PBXFileReference; lastKnownFileType = sourcecode.c.objc; name = CCEventDispatcher.m; path = libs/cocos2d/Platforms/Mac/CCEventDispatcher.m; sourceTree = "<group>"; };
		960963B213E215CC00CF8546 /* MacGLView.h */ = {isa = PBXFileReference; lastKnownFileType = sourcecode.c.h; name = MacGLView.h; path = libs/cocos2d/Platforms/Mac/MacGLView.h; sourceTree = "<group>"; };
		960963B313E215CC00CF8546 /* MacGLView.m */ = {isa = PBXFileReference; lastKnownFileType = sourcecode.c.objc; name = MacGLView.m; path = libs/cocos2d/Platforms/Mac/MacGLView.m; sourceTree = "<group>"; };
		960963B513E215CC00CF8546 /* MacWindow.h */ = {isa = PBXFileReference; lastKnownFileType = sourcecode.c.h; name = MacWindow.h; path = libs/cocos2d/Platforms/Mac/MacWindow.h; sourceTree = "<group>"; };
		960963B613E215CC00CF8546 /* MacWindow.m */ = {isa = PBXFileReference; lastKnownFileType = sourcecode.c.objc; name = MacWindow.m; path = libs/cocos2d/Platforms/Mac/MacWindow.m; sourceTree = "<group>"; };
		960963B913E215CC00CF8546 /* base64.c */ = {isa = PBXFileReference; lastKnownFileType = sourcecode.c.c; name = base64.c; path = libs/cocos2d/Support/base64.c; sourceTree = "<group>"; };
		960963BB13E215CC00CF8546 /* base64.h */ = {isa = PBXFileReference; lastKnownFileType = sourcecode.c.h; name = base64.h; path = libs/cocos2d/Support/base64.h; sourceTree = "<group>"; };
		960963BC13E215CC00CF8546 /* CCArray.h */ = {isa = PBXFileReference; lastKnownFileType = sourcecode.c.h; name = CCArray.h; path = libs/cocos2d/Support/CCArray.h; sourceTree = "<group>"; };
		960963BD13E215CC00CF8546 /* CCArray.m */ = {isa = PBXFileReference; lastKnownFileType = sourcecode.c.objc; name = CCArray.m; path = libs/cocos2d/Support/CCArray.m; sourceTree = "<group>"; };
		960963BF13E215CC00CF8546 /* ccCArray.h */ = {isa = PBXFileReference; lastKnownFileType = sourcecode.c.h; name = ccCArray.h; path = libs/cocos2d/Support/ccCArray.h; sourceTree = "<group>"; };
		960963C013E215CC00CF8546 /* CCFileUtils.h */ = {isa = PBXFileReference; lastKnownFileType = sourcecode.c.h; name = CCFileUtils.h; path = libs/cocos2d/Support/CCFileUtils.h; sourceTree = "<group>"; };
		960963C113E215CC00CF8546 /* CCFileUtils.m */ = {isa = PBXFileReference; lastKnownFileType = sourcecode.c.objc; name = CCFileUtils.m; path = libs/cocos2d/Support/CCFileUtils.m; sourceTree = "<group>"; };
		960963C313E215CC00CF8546 /* CCProfiling.h */ = {isa = PBXFileReference; lastKnownFileType = sourcecode.c.h; name = CCProfiling.h; path = libs/cocos2d/Support/CCProfiling.h; sourceTree = "<group>"; };
		960963C413E215CC00CF8546 /* CCProfiling.m */ = {isa = PBXFileReference; lastKnownFileType = sourcecode.c.objc; name = CCProfiling.m; path = libs/cocos2d/Support/CCProfiling.m; sourceTree = "<group>"; };
		960963C613E215CC00CF8546 /* ccUtils.c */ = {isa = PBXFileReference; lastKnownFileType = sourcecode.c.c; name = ccUtils.c; path = libs/cocos2d/Support/ccUtils.c; sourceTree = "<group>"; };
		960963C813E215CC00CF8546 /* ccUtils.h */ = {isa = PBXFileReference; lastKnownFileType = sourcecode.c.h; name = ccUtils.h; path = libs/cocos2d/Support/ccUtils.h; sourceTree = "<group>"; };
		960963C913E215CC00CF8546 /* CGPointExtension.h */ = {isa = PBXFileReference; lastKnownFileType = sourcecode.c.h; name = CGPointExtension.h; path = libs/cocos2d/Support/CGPointExtension.h; sourceTree = "<group>"; };
		960963CA13E215CC00CF8546 /* CGPointExtension.m */ = {isa = PBXFileReference; lastKnownFileType = sourcecode.c.objc; name = CGPointExtension.m; path = libs/cocos2d/Support/CGPointExtension.m; sourceTree = "<group>"; };
		960963CC13E215CC00CF8546 /* OpenGL_Internal.h */ = {isa = PBXFileReference; lastKnownFileType = sourcecode.c.h; name = OpenGL_Internal.h; path = libs/cocos2d/Support/OpenGL_Internal.h; sourceTree = "<group>"; };
		960963CD13E215CC00CF8546 /* TGAlib.h */ = {isa = PBXFileReference; lastKnownFileType = sourcecode.c.h; name = TGAlib.h; path = libs/cocos2d/Support/TGAlib.h; sourceTree = "<group>"; };
		960963CE13E215CC00CF8546 /* TGAlib.m */ = {isa = PBXFileReference; lastKnownFileType = sourcecode.c.objc; name = TGAlib.m; path = libs/cocos2d/Support/TGAlib.m; sourceTree = "<group>"; };
		960963D013E215CC00CF8546 /* TransformUtils.h */ = {isa = PBXFileReference; lastKnownFileType = sourcecode.c.h; name = TransformUtils.h; path = libs/cocos2d/Support/TransformUtils.h; sourceTree = "<group>"; };
		960963D113E215CC00CF8546 /* TransformUtils.m */ = {isa = PBXFileReference; lastKnownFileType = sourcecode.c.objc; name = TransformUtils.m; path = libs/cocos2d/Support/TransformUtils.m; sourceTree = "<group>"; };
		960963D313E215CD00CF8546 /* uthash.h */ = {isa = PBXFileReference; lastKnownFileType = sourcecode.c.h; name = uthash.h; path = libs/cocos2d/Support/uthash.h; sourceTree = "<group>"; };
		960963D413E215CD00CF8546 /* utlist.h */ = {isa = PBXFileReference; lastKnownFileType = sourcecode.c.h; name = utlist.h; path = libs/cocos2d/Support/utlist.h; sourceTree = "<group>"; };
		960963D513E215CD00CF8546 /* ZipUtils.h */ = {isa = PBXFileReference; lastKnownFileType = sourcecode.c.h; name = ZipUtils.h; path = libs/cocos2d/Support/ZipUtils.h; sourceTree = "<group>"; };
		960963D613E215CD00CF8546 /* ZipUtils.m */ = {isa = PBXFileReference; lastKnownFileType = sourcecode.c.objc; name = ZipUtils.m; path = libs/cocos2d/Support/ZipUtils.m; sourceTree = "<group>"; };
		960963D813E215CD00CF8546 /* LICENSE_cocos2d.txt */ = {isa = PBXFileReference; lastKnownFileType = text; name = LICENSE_cocos2d.txt; path = libs/LICENSE_cocos2d.txt; sourceTree = "<group>"; };
		960963DA13E215CD00CF8546 /* CDAudioManager.h */ = {isa = PBXFileReference; lastKnownFileType = sourcecode.c.h; name = CDAudioManager.h; path = libs/CocosDenshion/CDAudioManager.h; sourceTree = "<group>"; };
		960963DB13E215CD00CF8546 /* CDAudioManager.m */ = {isa = PBXFileReference; lastKnownFileType = sourcecode.c.objc; name = CDAudioManager.m; path = libs/CocosDenshion/CDAudioManager.m; sourceTree = "<group>"; };
		960963DD13E215CD00CF8546 /* CDConfig.h */ = {isa = PBXFileReference; lastKnownFileType = sourcecode.c.h; name = CDConfig.h; path = libs/CocosDenshion/CDConfig.h; sourceTree = "<group>"; };
		960963DE13E215CD00CF8546 /* CDOpenALSupport.h */ = {isa = PBXFileReference; lastKnownFileType = sourcecode.c.h; name = CDOpenALSupport.h; path = libs/CocosDenshion/CDOpenALSupport.h; sourceTree = "<group>"; };
		960963DF13E215CD00CF8546 /* CDOpenALSupport.m */ = {isa = PBXFileReference; lastKnownFileType = sourcecode.c.objc; name = CDOpenALSupport.m; path = libs/CocosDenshion/CDOpenALSupport.m; sourceTree = "<group>"; };
		960963E113E215CD00CF8546 /* CocosDenshion.h */ = {isa = PBXFileReference; lastKnownFileType = sourcecode.c.h; name = CocosDenshion.h; path = libs/CocosDenshion/CocosDenshion.h; sourceTree = "<group>"; };
		960963E213E215CD00CF8546 /* CocosDenshion.m */ = {isa = PBXFileReference; lastKnownFileType = sourcecode.c.objc; name = CocosDenshion.m; path = libs/CocosDenshion/CocosDenshion.m; sourceTree = "<group>"; };
		960963E413E215CD00CF8546 /* SimpleAudioEngine.h */ = {isa = PBXFileReference; lastKnownFileType = sourcecode.c.h; name = SimpleAudioEngine.h; path = libs/CocosDenshion/SimpleAudioEngine.h; sourceTree = "<group>"; };
		960963E513E215CD00CF8546 /* SimpleAudioEngine.m */ = {isa = PBXFileReference; lastKnownFileType = sourcecode.c.objc; name = SimpleAudioEngine.m; path = libs/CocosDenshion/SimpleAudioEngine.m; sourceTree = "<group>"; };
		960963E713E215CD00CF8546 /* LICENSE_CocosDenshion.txt */ = {isa = PBXFileReference; lastKnownFileType = text; name = LICENSE_CocosDenshion.txt; path = libs/LICENSE_CocosDenshion.txt; sourceTree = "<group>"; };
		960963E913E215CD00CF8546 /* CLScoreServerPost.h */ = {isa = PBXFileReference; lastKnownFileType = sourcecode.c.h; name = CLScoreServerPost.h; path = libs/cocoslive/CLScoreServerPost.h; sourceTree = "<group>"; };
		960963EA13E215CD00CF8546 /* CLScoreServerPost.m */ = {isa = PBXFileReference; lastKnownFileType = sourcecode.c.objc; name = CLScoreServerPost.m; path = libs/cocoslive/CLScoreServerPost.m; sourceTree = "<group>"; };
		960963EC13E215CD00CF8546 /* CLScoreServerRequest.h */ = {isa = PBXFileReference; lastKnownFileType = sourcecode.c.h; name = CLScoreServerRequest.h; path = libs/cocoslive/CLScoreServerRequest.h; sourceTree = "<group>"; };
		960963ED13E215CD00CF8546 /* CLScoreServerRequest.m */ = {isa = PBXFileReference; lastKnownFileType = sourcecode.c.objc; name = CLScoreServerRequest.m; path = libs/cocoslive/CLScoreServerRequest.m; sourceTree = "<group>"; };
		960963EF13E215CD00CF8546 /* cocoslive.h */ = {isa = PBXFileReference; lastKnownFileType = sourcecode.c.h; name = cocoslive.h; path = libs/cocoslive/cocoslive.h; sourceTree = "<group>"; };
		960963F013E215CD00CF8546 /* cocoslive.m */ = {isa = PBXFileReference; lastKnownFileType = sourcecode.c.objc; name = cocoslive.m; path = libs/cocoslive/cocoslive.m; sourceTree = "<group>"; };
		960963F213E215CD00CF8546 /* LICENSE_TouchJSON.txt */ = {isa = PBXFileReference; lastKnownFileType = text; name = LICENSE_TouchJSON.txt; path = libs/LICENSE_TouchJSON.txt; sourceTree = "<group>"; };
		960963F413E215CD00CF8546 /* CDataScanner.h */ = {isa = PBXFileReference; lastKnownFileType = sourcecode.c.h; name = CDataScanner.h; path = libs/TouchJSON/CDataScanner.h; sourceTree = "<group>"; };
		960963F513E215CD00CF8546 /* CDataScanner.m */ = {isa = PBXFileReference; lastKnownFileType = sourcecode.c.objc; name = CDataScanner.m; path = libs/TouchJSON/CDataScanner.m; sourceTree = "<group>"; };
		960963F813E215CD00CF8546 /* CDataScanner_Extensions.h */ = {isa = PBXFileReference; lastKnownFileType = sourcecode.c.h; name = CDataScanner_Extensions.h; path = libs/TouchJSON/Extensions/CDataScanner_Extensions.h; sourceTree = "<group>"; };
		960963F913E215CD00CF8546 /* CDataScanner_Extensions.m */ = {isa = PBXFileReference; lastKnownFileType = sourcecode.c.objc; name = CDataScanner_Extensions.m; path = libs/TouchJSON/Extensions/CDataScanner_Extensions.m; sourceTree = "<group>"; };
		960963FB13E215CD00CF8546 /* NSDictionary_JSONExtensions.h */ = {isa = PBXFileReference; lastKnownFileType = sourcecode.c.h; name = NSDictionary_JSONExtensions.h; path = libs/TouchJSON/Extensions/NSDictionary_JSONExtensions.h; sourceTree = "<group>"; };
		960963FC13E215CD00CF8546 /* NSDictionary_JSONExtensions.m */ = {isa = PBXFileReference; lastKnownFileType = sourcecode.c.objc; name = NSDictionary_JSONExtensions.m; path = libs/TouchJSON/Extensions/NSDictionary_JSONExtensions.m; sourceTree = "<group>"; };
		960963FF13E215CD00CF8546 /* CJSONDeserializer.h */ = {isa = PBXFileReference; lastKnownFileType = sourcecode.c.h; name = CJSONDeserializer.h; path = libs/TouchJSON/JSON/CJSONDeserializer.h; sourceTree = "<group>"; };
		9609640013E215CD00CF8546 /* CJSONDeserializer.m */ = {isa = PBXFileReference; lastKnownFileType = sourcecode.c.objc; name = CJSONDeserializer.m; path = libs/TouchJSON/JSON/CJSONDeserializer.m; sourceTree = "<group>"; };
		9609640213E215CD00CF8546 /* CJSONScanner.h */ = {isa = PBXFileReference; lastKnownFileType = sourcecode.c.h; name = CJSONScanner.h; path = libs/TouchJSON/JSON/CJSONScanner.h; sourceTree = "<group>"; };
		9609640313E215CE00CF8546 /* CJSONScanner.m */ = {isa = PBXFileReference; lastKnownFileType = sourcecode.c.objc; name = CJSONScanner.m; path = libs/TouchJSON/JSON/CJSONScanner.m; sourceTree = "<group>"; };
		9609640513E215CE00CF8546 /* CJSONSerializer.h */ = {isa = PBXFileReference; lastKnownFileType = sourcecode.c.h; name = CJSONSerializer.h; path = libs/TouchJSON/JSON/CJSONSerializer.h; sourceTree = "<group>"; };
		9609640613E215CE00CF8546 /* CJSONSerializer.m */ = {isa = PBXFileReference; lastKnownFileType = sourcecode.c.objc; name = CJSONSerializer.m; path = libs/TouchJSON/JSON/CJSONSerializer.m; sourceTree = "<group>"; };
		9609640813E215CE00CF8546 /* JSONRepresentation.h */ = {isa = PBXFileReference; lastKnownFileType = sourcecode.c.h; name = JSONRepresentation.h; path = libs/TouchJSON/JSON/JSONRepresentation.h; sourceTree = "<group>"; };
		9609640A13E215CE00CF8546 /* FontLabel.h */ = {isa = PBXFileReference; lastKnownFileType = sourcecode.c.h; name = FontLabel.h; path = libs/FontLabel/FontLabel.h; sourceTree = "<group>"; };
		9609640B13E215CE00CF8546 /* FontLabel.m */ = {isa = PBXFileReference; lastKnownFileType = sourcecode.c.objc; name = FontLabel.m; path = libs/FontLabel/FontLabel.m; sourceTree = "<group>"; };
		9609640D13E215CE00CF8546 /* FontLabelStringDrawing.h */ = {isa = PBXFileReference; lastKnownFileType = sourcecode.c.h; name = FontLabelStringDrawing.h; path = libs/FontLabel/FontLabelStringDrawing.h; sourceTree = "<group>"; };
		9609640E13E215CE00CF8546 /* FontLabelStringDrawing.m */ = {isa = PBXFileReference; lastKnownFileType = sourcecode.c.objc; name = FontLabelStringDrawing.m; path = libs/FontLabel/FontLabelStringDrawing.m; sourceTree = "<group>"; };
		9609641013E215CE00CF8546 /* FontManager.h */ = {isa = PBXFileReference; lastKnownFileType = sourcecode.c.h; name = FontManager.h; path = libs/FontLabel/FontManager.h; sourceTree = "<group>"; };
		9609641113E215CE00CF8546 /* FontManager.m */ = {isa = PBXFileReference; lastKnownFileType = sourcecode.c.objc; name = FontManager.m; path = libs/FontLabel/FontManager.m; sourceTree = "<group>"; };
		9609641313E215CE00CF8546 /* ZAttributedString.h */ = {isa = PBXFileReference; lastKnownFileType = sourcecode.c.h; name = ZAttributedString.h; path = libs/FontLabel/ZAttributedString.h; sourceTree = "<group>"; };
		9609641413E215CE00CF8546 /* ZAttributedString.m */ = {isa = PBXFileReference; lastKnownFileType = sourcecode.c.objc; name = ZAttributedString.m; path = libs/FontLabel/ZAttributedString.m; sourceTree = "<group>"; };
		9609641613E215CE00CF8546 /* ZAttributedStringPrivate.h */ = {isa = PBXFileReference; lastKnownFileType = sourcecode.c.h; name = ZAttributedStringPrivate.h; path = libs/FontLabel/ZAttributedStringPrivate.h; sourceTree = "<group>"; };
		9609641713E215CE00CF8546 /* ZFont.h */ = {isa = PBXFileReference; lastKnownFileType = sourcecode.c.h; name = ZFont.h; path = libs/FontLabel/ZFont.h; sourceTree = "<group>"; };
		9609641813E215CE00CF8546 /* ZFont.m */ = {isa = PBXFileReference; lastKnownFileType = sourcecode.c.objc; name = ZFont.m; path = libs/FontLabel/ZFont.m; sourceTree = "<group>"; };
		9609641A13E215CE00CF8546 /* LICENSE_FontLabel.txt */ = {isa = PBXFileReference; lastKnownFileType = text; name = LICENSE_FontLabel.txt; path = libs/LICENSE_FontLabel.txt; sourceTree = "<group>"; };
		9609641C13E215CE00CF8546 /* Prefix.pch */ = {isa = PBXFileReference; lastKnownFileType = sourcecode.c.h; path = Prefix.pch; sourceTree = "<group>"; };
		9609641D13E215CE00CF8546 /* main.m */ = {isa = PBXFileReference; lastKnownFileType = sourcecode.c.objc; path = main.m; sourceTree = "<group>"; };
		9609641F13E215CE00CF8546 /* AppDelegate.h */ = {isa = PBXFileReference; lastKnownFileType = sourcecode.c.h; path = AppDelegate.h; sourceTree = "<group>"; };
		9609642013E215CE00CF8546 /* AppDelegate.m */ = {isa = PBXFileReference; lastKnownFileType = sourcecode.c.objc; path = AppDelegate.m; sourceTree = "<group>"; };
		9609642213E215CE00CF8546 /* RootViewController.h */ = {isa = PBXFileReference; lastKnownFileType = sourcecode.c.h; path = RootViewController.h; sourceTree = "<group>"; };
		9609642313E215CE00CF8546 /* RootViewController.m */ = {isa = PBXFileReference; lastKnownFileType = sourcecode.c.objc; path = RootViewController.m; sourceTree = "<group>"; };
		9609642513E215CE00CF8546 /* HelloWorldLayer.h */ = {isa = PBXFileReference; lastKnownFileType = sourcecode.c.h; path = HelloWorldLayer.h; sourceTree = "<group>"; };
		9609642613E215CE00CF8546 /* HelloWorldLayer.m */ = {isa = PBXFileReference; lastKnownFileType = sourcecode.c.objc; path = HelloWorldLayer.m; sourceTree = "<group>"; };
		9609642813E215CE00CF8546 /* GameConfig.h */ = {isa = PBXFileReference; lastKnownFileType = sourcecode.c.h; path = GameConfig.h; sourceTree = "<group>"; };
		9609643013E224E800CF8546 /* soundeffect.mp3 */ = {isa = PBXFileReference; lastKnownFileType = audio.mp3; name = soundeffect.mp3; path = Resources/soundeffect.mp3; sourceTree = "<group>"; };
		9609643C13E2281D00CF8546 /* icon.png */ = {isa = PBXFileReference; lastKnownFileType = image.png; name = icon.png; path = ../icon.png; sourceTree = "<group>"; };
		9609643E13E2282000CF8546 /* icon-hd.png */ = {isa = PBXFileReference; lastKnownFileType = image.png; name = "icon-hd.png"; path = "../icon-hd.png"; sourceTree = "<group>"; };
		9609644213E2285F00CF8546 /* Default@2x.png */ = {isa = PBXFileReference; lastKnownFileType = image.png; name = "Default@2x.png"; path = "../Default@2x.png"; sourceTree = "<group>"; };
		9609644413E2286200CF8546 /* Default.png */ = {isa = PBXFileReference; lastKnownFileType = image.png; name = Default.png; path = ../Default.png; sourceTree = "<group>"; };
/* End PBXFileReference section */

/* Begin PBXFrameworksBuildPhase section */
		960962B613E215C700CF8546 /* Frameworks */ = {
			isa = PBXFrameworksBuildPhase;
			buildActionMask = 2147483647;
			files = (
				960962BE13E215C700CF8546 /* QuartzCore.framework in Frameworks */,
				960962C013E215C700CF8546 /* OpenGLES.framework in Frameworks */,
				960962C213E215C700CF8546 /* OpenAL.framework in Frameworks */,
				960962C413E215C700CF8546 /* AudioToolbox.framework in Frameworks */,
				960962C613E215C700CF8546 /* AVFoundation.framework in Frameworks */,
				960962C813E215C700CF8546 /* UIKit.framework in Frameworks */,
				960962CA13E215C700CF8546 /* Foundation.framework in Frameworks */,
				960962CC13E215C700CF8546 /* CoreGraphics.framework in Frameworks */,
			);
			runOnlyForDeploymentPostprocessing = 0;
		};
/* End PBXFrameworksBuildPhase section */

/* Begin PBXGroup section */
		960962AE13E215C600CF8546 = {
			isa = PBXGroup;
			children = (
				960962CD13E215C700CF8546 /* PawAppsExample_SimpleAudioEngine */,
				960962BC13E215C700CF8546 /* Frameworks */,
				960962BA13E215C700CF8546 /* Products */,
			);
			sourceTree = "<group>";
		};
		960962BA13E215C700CF8546 /* Products */ = {
			isa = PBXGroup;
			children = (
				960962B913E215C700CF8546 /* PawAppsExample_SimpleAudioEngine.app */,
			);
			name = Products;
			sourceTree = "<group>";
		};
		960962BC13E215C700CF8546 /* Frameworks */ = {
			isa = PBXGroup;
			children = (
				960962BD13E215C700CF8546 /* QuartzCore.framework */,
				960962BF13E215C700CF8546 /* OpenGLES.framework */,
				960962C113E215C700CF8546 /* OpenAL.framework */,
				960962C313E215C700CF8546 /* AudioToolbox.framework */,
				960962C513E215C700CF8546 /* AVFoundation.framework */,
				960962C713E215C700CF8546 /* UIKit.framework */,
				960962C913E215C700CF8546 /* Foundation.framework */,
				960962CB13E215C700CF8546 /* CoreGraphics.framework */,
			);
			name = Frameworks;
			sourceTree = "<group>";
		};
		960962CD13E215C700CF8546 /* PawAppsExample_SimpleAudioEngine */ = {
			isa = PBXGroup;
			children = (
				9609641F13E215CE00CF8546 /* AppDelegate.h */,
				9609642013E215CE00CF8546 /* AppDelegate.m */,
				9609642213E215CE00CF8546 /* RootViewController.h */,
				9609642313E215CE00CF8546 /* RootViewController.m */,
				9609642513E215CE00CF8546 /* HelloWorldLayer.h */,
				9609642613E215CE00CF8546 /* HelloWorldLayer.m */,
				9609642813E215CE00CF8546 /* GameConfig.h */,
				960962CE13E215C700CF8546 /* Resources */,
				960962E213E215C800CF8546 /* libs */,
				9609641B13E215CE00CF8546 /* Supporting Files */,
			);
			path = PawAppsExample_SimpleAudioEngine;
			sourceTree = "<group>";
		};
		960962CE13E215C700CF8546 /* Resources */ = {
			isa = PBXGroup;
			children = (
				9609643013E224E800CF8546 /* soundeffect.mp3 */,
				9609644413E2286200CF8546 /* Default.png */,
				9609644213E2285F00CF8546 /* Default@2x.png */,
				9609643E13E2282000CF8546 /* icon-hd.png */,
				9609643C13E2281D00CF8546 /* icon.png */,
				960962DF13E215C800CF8546 /* Info.plist */,
				960962E013E215C800CF8546 /* iTunesArtwork */,
			);
			name = Resources;
			sourceTree = "<group>";
		};
		960962E213E215C800CF8546 /* libs */ = {
			isa = PBXGroup;
			children = (
				960963D813E215CD00CF8546 /* LICENSE_cocos2d.txt */,
				960963E713E215CD00CF8546 /* LICENSE_CocosDenshion.txt */,
				960963F213E215CD00CF8546 /* LICENSE_TouchJSON.txt */,
				9609641A13E215CE00CF8546 /* LICENSE_FontLabel.txt */,
				960962E313E215C800CF8546 /* cocos2d */,
				960963D913E215CD00CF8546 /* CocosDenshion */,
				960963E813E215CD00CF8546 /* cocoslive */,
				960963F313E215CD00CF8546 /* TouchJSON */,
				9609640913E215CE00CF8546 /* FontLabel */,
			);
			name = libs;
			sourceTree = "<group>";
		};
		960962E313E215C800CF8546 /* cocos2d */ = {
			isa = PBXGroup;
			children = (
				960962E413E215C800CF8546 /* CCAction.h */,
				960962E513E215C800CF8546 /* CCAction.m */,
				960962E713E215C800CF8546 /* CCActionCamera.h */,
				960962E813E215C800CF8546 /* CCActionCamera.m */,
				960962EA13E215C800CF8546 /* CCActionEase.h */,
				960962EB13E215C800CF8546 /* CCActionEase.m */,
				960962ED13E215C800CF8546 /* CCActionGrid.h */,
				960962EE13E215C800CF8546 /* CCActionGrid.m */,
				960962F013E215C800CF8546 /* CCActionGrid3D.h */,
				960962F113E215C800CF8546 /* CCActionGrid3D.m */,
				960962F313E215C800CF8546 /* CCActionInstant.h */,
				960962F413E215C800CF8546 /* CCActionInstant.m */,
				960962F613E215C800CF8546 /* CCActionInterval.h */,
				960962F713E215C800CF8546 /* CCActionInterval.m */,
				960962F913E215C800CF8546 /* CCActionManager.h */,
				960962FA13E215C800CF8546 /* CCActionManager.m */,
				960962FC13E215C800CF8546 /* CCActionPageTurn3D.h */,
				960962FD13E215C800CF8546 /* CCActionPageTurn3D.m */,
				960962FF13E215C800CF8546 /* CCActionProgressTimer.h */,
				9609630013E215C800CF8546 /* CCActionProgressTimer.m */,
				9609630213E215C800CF8546 /* CCActionTiledGrid.h */,
				9609630313E215C800CF8546 /* CCActionTiledGrid.m */,
				9609630513E215C800CF8546 /* CCActionTween.h */,
				9609630613E215C800CF8546 /* CCActionTween.m */,
				9609630813E215C800CF8546 /* CCAnimation.h */,
				9609630913E215C800CF8546 /* CCAnimation.m */,
				9609630B13E215C800CF8546 /* CCAnimationCache.h */,
				9609630C13E215C800CF8546 /* CCAnimationCache.m */,
				9609630E13E215C800CF8546 /* CCAtlasNode.h */,
				9609630F13E215C800CF8546 /* CCAtlasNode.m */,
				9609631113E215C800CF8546 /* CCBlockSupport.h */,
				9609631213E215C900CF8546 /* CCBlockSupport.m */,
				9609631413E215C900CF8546 /* CCCamera.h */,
				9609631513E215C900CF8546 /* CCCamera.m */,
				9609631713E215C900CF8546 /* ccConfig.h */,
				9609631813E215C900CF8546 /* CCConfiguration.h */,
				9609631913E215C900CF8546 /* CCConfiguration.m */,
				9609631B13E215C900CF8546 /* CCDirector.h */,
				9609631C13E215C900CF8546 /* CCDirector.m */,
				9609631E13E215C900CF8546 /* CCDrawingPrimitives.h */,
				9609631F13E215C900CF8546 /* CCDrawingPrimitives.m */,
				9609632113E215C900CF8546 /* CCGrabber.h */,
				9609632213E215C900CF8546 /* CCGrabber.m */,
				9609632413E215C900CF8546 /* CCGrid.h */,
				9609632513E215C900CF8546 /* CCGrid.m */,
				9609632713E215C900CF8546 /* CCLabelAtlas.h */,
				9609632813E215C900CF8546 /* CCLabelAtlas.m */,
				9609632A13E215C900CF8546 /* CCLabelBMFont.h */,
				9609632B13E215C900CF8546 /* CCLabelBMFont.m */,
				9609632D13E215C900CF8546 /* CCLabelTTF.h */,
				9609632E13E215C900CF8546 /* CCLabelTTF.m */,
				9609633013E215C900CF8546 /* CCLayer.h */,
				9609633113E215C900CF8546 /* CCLayer.m */,
				9609633313E215C900CF8546 /* ccMacros.h */,
				9609633413E215C900CF8546 /* CCMenu.h */,
				9609633513E215C900CF8546 /* CCMenu.m */,
				9609633713E215C900CF8546 /* CCMenuItem.h */,
				9609633813E215C900CF8546 /* CCMenuItem.m */,
				9609633A13E215C900CF8546 /* CCMotionStreak.h */,
				9609633B13E215CA00CF8546 /* CCMotionStreak.m */,
				9609633D13E215CA00CF8546 /* CCNode.h */,
				9609633E13E215CA00CF8546 /* CCNode.m */,
				9609634013E215CA00CF8546 /* CCParallaxNode.h */,
				9609634113E215CA00CF8546 /* CCParallaxNode.m */,
				9609634313E215CA00CF8546 /* CCParticleExamples.h */,
				9609634413E215CA00CF8546 /* CCParticleExamples.m */,
				9609634613E215CA00CF8546 /* CCParticleSystem.h */,
				9609634713E215CA00CF8546 /* CCParticleSystem.m */,
				9609634913E215CA00CF8546 /* CCParticleSystemPoint.h */,
				9609634A13E215CA00CF8546 /* CCParticleSystemPoint.m */,
				9609634C13E215CA00CF8546 /* CCParticleSystemQuad.h */,
				9609634D13E215CA00CF8546 /* CCParticleSystemQuad.m */,
				9609634F13E215CA00CF8546 /* CCProgressTimer.h */,
				9609635013E215CA00CF8546 /* CCProgressTimer.m */,
				9609635213E215CA00CF8546 /* CCProtocols.h */,
				9609635313E215CA00CF8546 /* CCRenderTexture.h */,
				9609635413E215CA00CF8546 /* CCRenderTexture.m */,
				9609635613E215CA00CF8546 /* CCRibbon.h */,
				9609635713E215CA00CF8546 /* CCRibbon.m */,
				9609635913E215CA00CF8546 /* CCScene.h */,
				9609635A13E215CA00CF8546 /* CCScene.m */,
				9609635C13E215CA00CF8546 /* CCScheduler.h */,
				9609635D13E215CA00CF8546 /* CCScheduler.m */,
				9609635F13E215CA00CF8546 /* CCSprite.h */,
				9609636013E215CA00CF8546 /* CCSprite.m */,
				9609636213E215CA00CF8546 /* CCSpriteBatchNode.h */,
				9609636313E215CA00CF8546 /* CCSpriteBatchNode.m */,
				9609636513E215CA00CF8546 /* CCSpriteFrame.h */,
				9609636613E215CA00CF8546 /* CCSpriteFrame.m */,
				9609636813E215CA00CF8546 /* CCSpriteFrameCache.h */,
				9609636913E215CB00CF8546 /* CCSpriteFrameCache.m */,
				9609636B13E215CB00CF8546 /* CCTexture2D.h */,
				9609636C13E215CB00CF8546 /* CCTexture2D.m */,
				9609636E13E215CB00CF8546 /* CCTextureAtlas.h */,
				9609636F13E215CB00CF8546 /* CCTextureAtlas.m */,
				9609637113E215CB00CF8546 /* CCTextureCache.h */,
				9609637213E215CB00CF8546 /* CCTextureCache.m */,
				9609637413E215CB00CF8546 /* CCTexturePVR.h */,
				9609637513E215CB00CF8546 /* CCTexturePVR.m */,
				9609637713E215CB00CF8546 /* CCTileMapAtlas.h */,
				9609637813E215CB00CF8546 /* CCTileMapAtlas.m */,
				9609637A13E215CB00CF8546 /* CCTMXLayer.h */,
				9609637B13E215CB00CF8546 /* CCTMXLayer.m */,
				9609637D13E215CB00CF8546 /* CCTMXObjectGroup.h */,
				9609637E13E215CB00CF8546 /* CCTMXObjectGroup.m */,
				9609638013E215CB00CF8546 /* CCTMXTiledMap.h */,
				9609638113E215CB00CF8546 /* CCTMXTiledMap.m */,
				9609638313E215CB00CF8546 /* CCTMXXMLParser.h */,
				9609638413E215CB00CF8546 /* CCTMXXMLParser.m */,
				9609638613E215CB00CF8546 /* CCTransition.h */,
				9609638713E215CB00CF8546 /* CCTransition.m */,
				9609638913E215CB00CF8546 /* CCTransitionPageTurn.h */,
				9609638A13E215CB00CF8546 /* CCTransitionPageTurn.m */,
				9609638C13E215CB00CF8546 /* CCTransitionRadial.h */,
				9609638D13E215CB00CF8546 /* CCTransitionRadial.m */,
				9609638F13E215CB00CF8546 /* ccTypes.h */,
				9609639013E215CB00CF8546 /* cocos2d.h */,
				9609639113E215CB00CF8546 /* cocos2d.m */,
				9609639313E215CB00CF8546 /* Platforms */,
				960963B813E215CC00CF8546 /* Support */,
			);
			name = cocos2d;
			sourceTree = "<group>";
		};
		9609639313E215CB00CF8546 /* Platforms */ = {
			isa = PBXGroup;
			children = (
				9609639413E215CB00CF8546 /* CCGL.h */,
				9609639513E215CB00CF8546 /* CCNS.h */,
				9609639613E215CB00CF8546 /* iOS */,
				960963AB13E215CC00CF8546 /* Mac */,
			);
			name = Platforms;
			sourceTree = "<group>";
		};
		9609639613E215CB00CF8546 /* iOS */ = {
			isa = PBXGroup;
			children = (
				9609639713E215CB00CF8546 /* CCDirectorIOS.h */,
				9609639813E215CC00CF8546 /* CCDirectorIOS.m */,
				9609639A13E215CC00CF8546 /* CCTouchDelegateProtocol.h */,
				9609639B13E215CC00CF8546 /* CCTouchDispatcher.h */,
				9609639C13E215CC00CF8546 /* CCTouchDispatcher.m */,
				9609639E13E215CC00CF8546 /* CCTouchHandler.h */,
				9609639F13E215CC00CF8546 /* CCTouchHandler.m */,
				960963A113E215CC00CF8546 /* EAGLView.h */,
				960963A213E215CC00CF8546 /* EAGLView.m */,
				960963A413E215CC00CF8546 /* ES1Renderer.h */,
				960963A513E215CC00CF8546 /* ES1Renderer.m */,
				960963A713E215CC00CF8546 /* ESRenderer.h */,
				960963A813E215CC00CF8546 /* glu.c */,
				960963AA13E215CC00CF8546 /* glu.h */,
			);
			name = iOS;
			sourceTree = "<group>";
		};
		960963AB13E215CC00CF8546 /* Mac */ = {
			isa = PBXGroup;
			children = (
				960963AC13E215CC00CF8546 /* CCDirectorMac.h */,
				960963AD13E215CC00CF8546 /* CCDirectorMac.m */,
				960963AF13E215CC00CF8546 /* CCEventDispatcher.h */,
				960963B013E215CC00CF8546 /* CCEventDispatcher.m */,
				960963B213E215CC00CF8546 /* MacGLView.h */,
				960963B313E215CC00CF8546 /* MacGLView.m */,
				960963B513E215CC00CF8546 /* MacWindow.h */,
				960963B613E215CC00CF8546 /* MacWindow.m */,
			);
			name = Mac;
			sourceTree = "<group>";
		};
		960963B813E215CC00CF8546 /* Support */ = {
			isa = PBXGroup;
			children = (
				960963B913E215CC00CF8546 /* base64.c */,
				960963BB13E215CC00CF8546 /* base64.h */,
				960963BC13E215CC00CF8546 /* CCArray.h */,
				960963BD13E215CC00CF8546 /* CCArray.m */,
				960963BF13E215CC00CF8546 /* ccCArray.h */,
				960963C013E215CC00CF8546 /* CCFileUtils.h */,
				960963C113E215CC00CF8546 /* CCFileUtils.m */,
				960963C313E215CC00CF8546 /* CCProfiling.h */,
				960963C413E215CC00CF8546 /* CCProfiling.m */,
				960963C613E215CC00CF8546 /* ccUtils.c */,
				960963C813E215CC00CF8546 /* ccUtils.h */,
				960963C913E215CC00CF8546 /* CGPointExtension.h */,
				960963CA13E215CC00CF8546 /* CGPointExtension.m */,
				960963CC13E215CC00CF8546 /* OpenGL_Internal.h */,
				960963CD13E215CC00CF8546 /* TGAlib.h */,
				960963CE13E215CC00CF8546 /* TGAlib.m */,
				960963D013E215CC00CF8546 /* TransformUtils.h */,
				960963D113E215CC00CF8546 /* TransformUtils.m */,
				960963D313E215CD00CF8546 /* uthash.h */,
				960963D413E215CD00CF8546 /* utlist.h */,
				960963D513E215CD00CF8546 /* ZipUtils.h */,
				960963D613E215CD00CF8546 /* ZipUtils.m */,
			);
			name = Support;
			sourceTree = "<group>";
		};
		960963D913E215CD00CF8546 /* CocosDenshion */ = {
			isa = PBXGroup;
			children = (
				960963DA13E215CD00CF8546 /* CDAudioManager.h */,
				960963DB13E215CD00CF8546 /* CDAudioManager.m */,
				960963DD13E215CD00CF8546 /* CDConfig.h */,
				960963DE13E215CD00CF8546 /* CDOpenALSupport.h */,
				960963DF13E215CD00CF8546 /* CDOpenALSupport.m */,
				960963E113E215CD00CF8546 /* CocosDenshion.h */,
				960963E213E215CD00CF8546 /* CocosDenshion.m */,
				960963E413E215CD00CF8546 /* SimpleAudioEngine.h */,
				960963E513E215CD00CF8546 /* SimpleAudioEngine.m */,
			);
			name = CocosDenshion;
			sourceTree = "<group>";
		};
		960963E813E215CD00CF8546 /* cocoslive */ = {
			isa = PBXGroup;
			children = (
				960963E913E215CD00CF8546 /* CLScoreServerPost.h */,
				960963EA13E215CD00CF8546 /* CLScoreServerPost.m */,
				960963EC13E215CD00CF8546 /* CLScoreServerRequest.h */,
				960963ED13E215CD00CF8546 /* CLScoreServerRequest.m */,
				960963EF13E215CD00CF8546 /* cocoslive.h */,
				960963F013E215CD00CF8546 /* cocoslive.m */,
			);
			name = cocoslive;
			sourceTree = "<group>";
		};
		960963F313E215CD00CF8546 /* TouchJSON */ = {
			isa = PBXGroup;
			children = (
				960963F413E215CD00CF8546 /* CDataScanner.h */,
				960963F513E215CD00CF8546 /* CDataScanner.m */,
				960963F713E215CD00CF8546 /* Extensions */,
				960963FE13E215CD00CF8546 /* JSON */,
			);
			name = TouchJSON;
			sourceTree = "<group>";
		};
		960963F713E215CD00CF8546 /* Extensions */ = {
			isa = PBXGroup;
			children = (
				960963F813E215CD00CF8546 /* CDataScanner_Extensions.h */,
				960963F913E215CD00CF8546 /* CDataScanner_Extensions.m */,
				960963FB13E215CD00CF8546 /* NSDictionary_JSONExtensions.h */,
				960963FC13E215CD00CF8546 /* NSDictionary_JSONExtensions.m */,
			);
			name = Extensions;
			sourceTree = "<group>";
		};
		960963FE13E215CD00CF8546 /* JSON */ = {
			isa = PBXGroup;
			children = (
				960963FF13E215CD00CF8546 /* CJSONDeserializer.h */,
				9609640013E215CD00CF8546 /* CJSONDeserializer.m */,
				9609640213E215CD00CF8546 /* CJSONScanner.h */,
				9609640313E215CE00CF8546 /* CJSONScanner.m */,
				9609640513E215CE00CF8546 /* CJSONSerializer.h */,
				9609640613E215CE00CF8546 /* CJSONSerializer.m */,
				9609640813E215CE00CF8546 /* JSONRepresentation.h */,
			);
			name = JSON;
			sourceTree = "<group>";
		};
		9609640913E215CE00CF8546 /* FontLabel */ = {
			isa = PBXGroup;
			children = (
				9609640A13E215CE00CF8546 /* FontLabel.h */,
				9609640B13E215CE00CF8546 /* FontLabel.m */,
				9609640D13E215CE00CF8546 /* FontLabelStringDrawing.h */,
				9609640E13E215CE00CF8546 /* FontLabelStringDrawing.m */,
				9609641013E215CE00CF8546 /* FontManager.h */,
				9609641113E215CE00CF8546 /* FontManager.m */,
				9609641313E215CE00CF8546 /* ZAttributedString.h */,
				9609641413E215CE00CF8546 /* ZAttributedString.m */,
				9609641613E215CE00CF8546 /* ZAttributedStringPrivate.h */,
				9609641713E215CE00CF8546 /* ZFont.h */,
				9609641813E215CE00CF8546 /* ZFont.m */,
			);
			name = FontLabel;
			sourceTree = "<group>";
		};
		9609641B13E215CE00CF8546 /* Supporting Files */ = {
			isa = PBXGroup;
			children = (
				9609641C13E215CE00CF8546 /* Prefix.pch */,
				9609641D13E215CE00CF8546 /* main.m */,
			);
			name = "Supporting Files";
			sourceTree = "<group>";
		};
/* End PBXGroup section */

/* Begin PBXNativeTarget section */
		960962B813E215C700CF8546 /* PawAppsExample_SimpleAudioEngine */ = {
			isa = PBXNativeTarget;
			buildConfigurationList = 9609642B13E215CE00CF8546 /* Build configuration list for PBXNativeTarget "PawAppsExample_SimpleAudioEngine" */;
			buildPhases = (
				960962B513E215C700CF8546 /* Sources */,
				960962B613E215C700CF8546 /* Frameworks */,
				960962B713E215C700CF8546 /* Resources */,
			);
			buildRules = (
			);
			dependencies = (
			);
			name = PawAppsExample_SimpleAudioEngine;
			productName = PawAppsExample_SimpleAudioEngine;
			productReference = 960962B913E215C700CF8546 /* PawAppsExample_SimpleAudioEngine.app */;
			productType = "com.apple.product-type.application";
		};
/* End PBXNativeTarget section */

/* Begin PBXProject section */
		960962B013E215C600CF8546 /* Project object */ = {
			isa = PBXProject;
			buildConfigurationList = 960962B313E215C600CF8546 /* Build configuration list for PBXProject "PawAppsExample_SimpleAudioEngine" */;
			compatibilityVersion = "Xcode 3.2";
			developmentRegion = English;
			hasScannedForEncodings = 0;
			knownRegions = (
				en,
			);
			mainGroup = 960962AE13E215C600CF8546;
			productRefGroup = 960962BA13E215C700CF8546 /* Products */;
			projectDirPath = "";
			projectRoot = "";
			targets = (
				960962B813E215C700CF8546 /* PawAppsExample_SimpleAudioEngine */,
			);
		};
/* End PBXProject section */

/* Begin PBXResourcesBuildPhase section */
		960962B713E215C700CF8546 /* Resources */ = {
			isa = PBXResourcesBuildPhase;
			buildActionMask = 2147483647;
			files = (
				960962E113E215C800CF8546 /* iTunesArtwork in Resources */,
				9609643113E224E800CF8546 /* soundeffect.mp3 in Resources */,
				9609643D13E2281D00CF8546 /* icon.png in Resources */,
				9609643F13E2282000CF8546 /* icon-hd.png in Resources */,
				9609644313E2285F00CF8546 /* Default@2x.png in Resources */,
				9609644513E2286200CF8546 /* Default.png in Resources */,
			);
			runOnlyForDeploymentPostprocessing = 0;
		};
/* End PBXResourcesBuildPhase section */

/* Begin PBXSourcesBuildPhase section */
		960962B513E215C700CF8546 /* Sources */ = {
			isa = PBXSourcesBuildPhase;
			buildActionMask = 2147483647;
			files = (
				960962E613E215C800CF8546 /* CCAction.m in Sources */,
				960962E913E215C800CF8546 /* CCActionCamera.m in Sources */,
				960962EC13E215C800CF8546 /* CCActionEase.m in Sources */,
				960962EF13E215C800CF8546 /* CCActionGrid.m in Sources */,
				960962F213E215C800CF8546 /* CCActionGrid3D.m in Sources */,
				960962F513E215C800CF8546 /* CCActionInstant.m in Sources */,
				960962F813E215C800CF8546 /* CCActionInterval.m in Sources */,
				960962FB13E215C800CF8546 /* CCActionManager.m in Sources */,
				960962FE13E215C800CF8546 /* CCActionPageTurn3D.m in Sources */,
				9609630113E215C800CF8546 /* CCActionProgressTimer.m in Sources */,
				9609630413E215C800CF8546 /* CCActionTiledGrid.m in Sources */,
				9609630713E215C800CF8546 /* CCActionTween.m in Sources */,
				9609630A13E215C800CF8546 /* CCAnimation.m in Sources */,
				9609630D13E215C800CF8546 /* CCAnimationCache.m in Sources */,
				9609631013E215C800CF8546 /* CCAtlasNode.m in Sources */,
				9609631313E215C900CF8546 /* CCBlockSupport.m in Sources */,
				9609631613E215C900CF8546 /* CCCamera.m in Sources */,
				9609631A13E215C900CF8546 /* CCConfiguration.m in Sources */,
				9609631D13E215C900CF8546 /* CCDirector.m in Sources */,
				9609632013E215C900CF8546 /* CCDrawingPrimitives.m in Sources */,
				9609632313E215C900CF8546 /* CCGrabber.m in Sources */,
				9609632613E215C900CF8546 /* CCGrid.m in Sources */,
				9609632913E215C900CF8546 /* CCLabelAtlas.m in Sources */,
				9609632C13E215C900CF8546 /* CCLabelBMFont.m in Sources */,
				9609632F13E215C900CF8546 /* CCLabelTTF.m in Sources */,
				9609633213E215C900CF8546 /* CCLayer.m in Sources */,
				9609633613E215C900CF8546 /* CCMenu.m in Sources */,
				9609633913E215C900CF8546 /* CCMenuItem.m in Sources */,
				9609633C13E215CA00CF8546 /* CCMotionStreak.m in Sources */,
				9609633F13E215CA00CF8546 /* CCNode.m in Sources */,
				9609634213E215CA00CF8546 /* CCParallaxNode.m in Sources */,
				9609634513E215CA00CF8546 /* CCParticleExamples.m in Sources */,
				9609634813E215CA00CF8546 /* CCParticleSystem.m in Sources */,
				9609634B13E215CA00CF8546 /* CCParticleSystemPoint.m in Sources */,
				9609634E13E215CA00CF8546 /* CCParticleSystemQuad.m in Sources */,
				9609635113E215CA00CF8546 /* CCProgressTimer.m in Sources */,
				9609635513E215CA00CF8546 /* CCRenderTexture.m in Sources */,
				9609635813E215CA00CF8546 /* CCRibbon.m in Sources */,
				9609635B13E215CA00CF8546 /* CCScene.m in Sources */,
				9609635E13E215CA00CF8546 /* CCScheduler.m in Sources */,
				9609636113E215CA00CF8546 /* CCSprite.m in Sources */,
				9609636413E215CA00CF8546 /* CCSpriteBatchNode.m in Sources */,
				9609636713E215CA00CF8546 /* CCSpriteFrame.m in Sources */,
				9609636A13E215CB00CF8546 /* CCSpriteFrameCache.m in Sources */,
				9609636D13E215CB00CF8546 /* CCTexture2D.m in Sources */,
				9609637013E215CB00CF8546 /* CCTextureAtlas.m in Sources */,
				9609637313E215CB00CF8546 /* CCTextureCache.m in Sources */,
				9609637613E215CB00CF8546 /* CCTexturePVR.m in Sources */,
				9609637913E215CB00CF8546 /* CCTileMapAtlas.m in Sources */,
				9609637C13E215CB00CF8546 /* CCTMXLayer.m in Sources */,
				9609637F13E215CB00CF8546 /* CCTMXObjectGroup.m in Sources */,
				9609638213E215CB00CF8546 /* CCTMXTiledMap.m in Sources */,
				9609638513E215CB00CF8546 /* CCTMXXMLParser.m in Sources */,
				9609638813E215CB00CF8546 /* CCTransition.m in Sources */,
				9609638B13E215CB00CF8546 /* CCTransitionPageTurn.m in Sources */,
				9609638E13E215CB00CF8546 /* CCTransitionRadial.m in Sources */,
				9609639213E215CB00CF8546 /* cocos2d.m in Sources */,
				9609639913E215CC00CF8546 /* CCDirectorIOS.m in Sources */,
				9609639D13E215CC00CF8546 /* CCTouchDispatcher.m in Sources */,
				960963A013E215CC00CF8546 /* CCTouchHandler.m in Sources */,
				960963A313E215CC00CF8546 /* EAGLView.m in Sources */,
				960963A613E215CC00CF8546 /* ES1Renderer.m in Sources */,
				960963A913E215CC00CF8546 /* glu.c in Sources */,
				960963AE13E215CC00CF8546 /* CCDirectorMac.m in Sources */,
				960963B113E215CC00CF8546 /* CCEventDispatcher.m in Sources */,
				960963B413E215CC00CF8546 /* MacGLView.m in Sources */,
				960963B713E215CC00CF8546 /* MacWindow.m in Sources */,
				960963BA13E215CC00CF8546 /* base64.c in Sources */,
				960963BE13E215CC00CF8546 /* CCArray.m in Sources */,
				960963C213E215CC00CF8546 /* CCFileUtils.m in Sources */,
				960963C513E215CC00CF8546 /* CCProfiling.m in Sources */,
				960963C713E215CC00CF8546 /* ccUtils.c in Sources */,
				960963CB13E215CC00CF8546 /* CGPointExtension.m in Sources */,
				960963CF13E215CC00CF8546 /* TGAlib.m in Sources */,
				960963D213E215CC00CF8546 /* TransformUtils.m in Sources */,
				960963D713E215CD00CF8546 /* ZipUtils.m in Sources */,
				960963DC13E215CD00CF8546 /* CDAudioManager.m in Sources */,
				960963E013E215CD00CF8546 /* CDOpenALSupport.m in Sources */,
				960963E313E215CD00CF8546 /* CocosDenshion.m in Sources */,
				960963E613E215CD00CF8546 /* SimpleAudioEngine.m in Sources */,
				960963EB13E215CD00CF8546 /* CLScoreServerPost.m in Sources */,
				960963EE13E215CD00CF8546 /* CLScoreServerRequest.m in Sources */,
				960963F113E215CD00CF8546 /* cocoslive.m in Sources */,
				960963F613E215CD00CF8546 /* CDataScanner.m in Sources */,
				960963FA13E215CD00CF8546 /* CDataScanner_Extensions.m in Sources */,
				960963FD13E215CD00CF8546 /* NSDictionary_JSONExtensions.m in Sources */,
				9609640113E215CD00CF8546 /* CJSONDeserializer.m in Sources */,
				9609640413E215CE00CF8546 /* CJSONScanner.m in Sources */,
				9609640713E215CE00CF8546 /* CJSONSerializer.m in Sources */,
				9609640C13E215CE00CF8546 /* FontLabel.m in Sources */,
				9609640F13E215CE00CF8546 /* FontLabelStringDrawing.m in Sources */,
				9609641213E215CE00CF8546 /* FontManager.m in Sources */,
				9609641513E215CE00CF8546 /* ZAttributedString.m in Sources */,
				9609641913E215CE00CF8546 /* ZFont.m in Sources */,
				9609641E13E215CE00CF8546 /* main.m in Sources */,
				9609642113E215CE00CF8546 /* AppDelegate.m in Sources */,
				9609642413E215CE00CF8546 /* RootViewController.m in Sources */,
				9609642713E215CE00CF8546 /* HelloWorldLayer.m in Sources */,
			);
			runOnlyForDeploymentPostprocessing = 0;
		};
/* End PBXSourcesBuildPhase section */

/* Begin XCBuildConfiguration section */
		9609642913E215CE00CF8546 /* Debug */ = {
			isa = XCBuildConfiguration;
			buildSettings = {
				ARCHS = "$(ARCHS_STANDARD_32_BIT)";
				"CODE_SIGN_IDENTITY[sdk=iphoneos*]" = "iPhone Developer";
				GCC_C_LANGUAGE_STANDARD = gnu99;
				GCC_OPTIMIZATION_LEVEL = 0;
				GCC_PREPROCESSOR_DEFINITIONS = (
					DEBUG,
					"COCOS2D_DEBUG=1",
				);
				GCC_SYMBOLS_PRIVATE_EXTERN = NO;
				GCC_VERSION = com.apple.compilers.llvmgcc42;
				GCC_WARN_ABOUT_RETURN_TYPE = YES;
				GCC_WARN_UNUSED_VARIABLE = YES;
				IPHONEOS_DEPLOYMENT_TARGET = 4.3;
				SDKROOT = iphoneos;
			};
			name = Debug;
		};
		9609642A13E215CE00CF8546 /* Release */ = {
			isa = XCBuildConfiguration;
			buildSettings = {
				ARCHS = "$(ARCHS_STANDARD_32_BIT)";
				"CODE_SIGN_IDENTITY[sdk=iphoneos*]" = "iPhone Developer";
				GCC_C_LANGUAGE_STANDARD = gnu99;
				GCC_PREPROCESSOR_DEFINITIONS = NDEBUG;
				GCC_VERSION = com.apple.compilers.llvmgcc42;
				GCC_WARN_ABOUT_RETURN_TYPE = YES;
				GCC_WARN_UNUSED_VARIABLE = YES;
				IPHONEOS_DEPLOYMENT_TARGET = 4.3;
				OTHER_CFLAGS = "-DNS_BLOCK_ASSERTIONS=1";
				SDKROOT = iphoneos;
			};
			name = Release;
		};
		9609642C13E215CE00CF8546 /* Debug */ = {
			isa = XCBuildConfiguration;
			buildSettings = {
				ALWAYS_SEARCH_USER_PATHS = NO;
				COPY_PHASE_STRIP = NO;
				GCC_DYNAMIC_NO_PIC = NO;
				GCC_PRECOMPILE_PREFIX_HEADER = YES;
				GCC_PREFIX_HEADER = PawAppsExample_SimpleAudioEngine/Prefix.pch;
				"GCC_THUMB_SUPPORT[arch=armv6]" = "";
				INFOPLIST_FILE = PawAppsExample_SimpleAudioEngine/Resources/Info.plist;
				OTHER_LDFLAGS = "-lz";
				PRODUCT_NAME = "$(TARGET_NAME)";
				WRAPPER_EXTENSION = app;
			};
			name = Debug;
		};
		9609642D13E215CE00CF8546 /* Release */ = {
			isa = XCBuildConfiguration;
			buildSettings = {
				ALWAYS_SEARCH_USER_PATHS = NO;
				COPY_PHASE_STRIP = YES;
				GCC_PRECOMPILE_PREFIX_HEADER = YES;
				GCC_PREFIX_HEADER = PawAppsExample_SimpleAudioEngine/Prefix.pch;
				"GCC_THUMB_SUPPORT[arch=armv6]" = "";
				INFOPLIST_FILE = PawAppsExample_SimpleAudioEngine/Resources/Info.plist;
				OTHER_LDFLAGS = "-lz";
				PRODUCT_NAME = "$(TARGET_NAME)";
				VALIDATE_PRODUCT = YES;
				WRAPPER_EXTENSION = app;
			};
			name = Release;
		};
/* End XCBuildConfiguration section */

/* Begin XCConfigurationList section */
		960962B313E215C600CF8546 /* Build configuration list for PBXProject "PawAppsExample_SimpleAudioEngine" */ = {
			isa = XCConfigurationList;
			buildConfigurations = (
				9609642913E215CE00CF8546 /* Debug */,
				9609642A13E215CE00CF8546 /* Release */,
			);
			defaultConfigurationIsVisible = 0;
			defaultConfigurationName = Release;
		};
		9609642B13E215CE00CF8546 /* Build configuration list for PBXNativeTarget "PawAppsExample_SimpleAudioEngine" */ = {
			isa = XCConfigurationList;
			buildConfigurations = (
				9609642C13E215CE00CF8546 /* Debug */,
				9609642D13E215CE00CF8546 /* Release */,
			);
			defaultConfigurationIsVisible = 0;
		};
/* End XCConfigurationList section */
	};
	rootObject = 960962B013E215C600CF8546 /* Project object */;
}
